// !$*UTF8*$!
{
	archiveVersion = 1;
	classes = {
	};
	objectVersion = 56;
	objects = {

/* Begin PBXBuildFile section */
		61752F0F2AF8BF1E007B95C1 /* SpeechRecognizer.swift in Sources */ = {isa = PBXBuildFile; fileRef = 61752F0E2AF8BF1E007B95C1 /* SpeechRecognizer.swift */; };
		61752F172AF8C0C5007B95C1 /* ListenBox.swift in Sources */ = {isa = PBXBuildFile; fileRef = 61752F162AF8C0C5007B95C1 /* ListenBox.swift */; };
		61752F192AF8C473007B95C1 /* Theme.swift in Sources */ = {isa = PBXBuildFile; fileRef = 61752F182AF8C473007B95C1 /* Theme.swift */; };
		61752F1B2AF8C60A007B95C1 /* DatosConsulta.swift in Sources */ = {isa = PBXBuildFile; fileRef = 61752F1A2AF8C60A007B95C1 /* DatosConsulta.swift */; };
		61752F1F2AF8C6F8007B95C1 /* History.swift in Sources */ = {isa = PBXBuildFile; fileRef = 61752F1E2AF8C6F8007B95C1 /* History.swift */; };
		61752F232AF8CD21007B95C1 /* CircleButton.swift in Sources */ = {isa = PBXBuildFile; fileRef = 61752F222AF8CD21007B95C1 /* CircleButton.swift */; };
		61752F252AF8D360007B95C1 /* HistoryView.swift in Sources */ = {isa = PBXBuildFile; fileRef = 61752F242AF8D360007B95C1 /* HistoryView.swift */; };
		61752F272AF8DAB0007B95C1 /* Coversacion.swift in Sources */ = {isa = PBXBuildFile; fileRef = 61752F262AF8DAB0007B95C1 /* Coversacion.swift */; };
		61752F292AF8E55D007B95C1 /* CircularButton.swift in Sources */ = {isa = PBXBuildFile; fileRef = 61752F282AF8E55D007B95C1 /* CircularButton.swift */; };
		61752F2B2AF8F5AD007B95C1 /* SpeakBox.swift in Sources */ = {isa = PBXBuildFile; fileRef = 61752F2A2AF8F5AD007B95C1 /* SpeakBox.swift */; };
		618E49FF2AE0ED90007681E5 /* SplashScreen.swift in Sources */ = {isa = PBXBuildFile; fileRef = 618E49FE2AE0ED90007681E5 /* SplashScreen.swift */; };
		61FA75662ADEFF2C00BB6B2A /* ConsultameApp.swift in Sources */ = {isa = PBXBuildFile; fileRef = 61FA75652ADEFF2C00BB6B2A /* ConsultameApp.swift */; };
		61FA756A2ADEFF2E00BB6B2A /* Assets.xcassets in Resources */ = {isa = PBXBuildFile; fileRef = 61FA75692ADEFF2E00BB6B2A /* Assets.xcassets */; };
		61FA756D2ADEFF2E00BB6B2A /* Preview Assets.xcassets in Resources */ = {isa = PBXBuildFile; fileRef = 61FA756C2ADEFF2E00BB6B2A /* Preview Assets.xcassets */; };
		61FA75772ADEFF2F00BB6B2A /* ConsultameTests.swift in Sources */ = {isa = PBXBuildFile; fileRef = 61FA75762ADEFF2F00BB6B2A /* ConsultameTests.swift */; };
		61FA75812ADEFF2F00BB6B2A /* ConsultameUITests.swift in Sources */ = {isa = PBXBuildFile; fileRef = 61FA75802ADEFF2F00BB6B2A /* ConsultameUITests.swift */; };
		61FA75832ADEFF2F00BB6B2A /* ConsultameUITestsLaunchTests.swift in Sources */ = {isa = PBXBuildFile; fileRef = 61FA75822ADEFF2F00BB6B2A /* ConsultameUITestsLaunchTests.swift */; };
		849A16962AF995F50061A8A9 /* RegisterView.swift in Sources */ = {isa = PBXBuildFile; fileRef = 849A16952AF995F50061A8A9 /* RegisterView.swift */; };
		FB1C5EB32AF5720E00EA7EDA /* VaccinesListView.swift in Sources */ = {isa = PBXBuildFile; fileRef = FB1C5EB22AF5720E00EA7EDA /* VaccinesListView.swift */; };
		FB1C5EB52AF576CF00EA7EDA /* VaccineCard.swift in Sources */ = {isa = PBXBuildFile; fileRef = FB1C5EB42AF576CF00EA7EDA /* VaccineCard.swift */; };
		FB2890A52AF84DB900EFEF35 /* AddContactToUserView.swift in Sources */ = {isa = PBXBuildFile; fileRef = FB2890A42AF84DB900EFEF35 /* AddContactToUserView.swift */; };
		FB2890A82AF8668800EFEF35 /* HabitsListView.swift in Sources */ = {isa = PBXBuildFile; fileRef = FB2890A72AF8668800EFEF35 /* HabitsListView.swift */; };
		FB2890AB2AF8696500EFEF35 /* AllergiesTabView.swift in Sources */ = {isa = PBXBuildFile; fileRef = FB2890AA2AF8696500EFEF35 /* AllergiesTabView.swift */; };
		FB2890AD2AF86BB300EFEF35 /* FoodAllergiesView.swift in Sources */ = {isa = PBXBuildFile; fileRef = FB2890AC2AF86BB300EFEF35 /* FoodAllergiesView.swift */; };
		FB2890AF2AF86BCB00EFEF35 /* DrugAllergiesView.swift in Sources */ = {isa = PBXBuildFile; fileRef = FB2890AE2AF86BCB00EFEF35 /* DrugAllergiesView.swift */; };
		FB2890B12AF86E9400EFEF35 /* OtherAllergiesView.swift in Sources */ = {isa = PBXBuildFile; fileRef = FB2890B02AF86E9400EFEF35 /* OtherAllergiesView.swift */; };
		FB2952DB2AE06C3F00D1A798 /* UserVaccineModel.swift in Sources */ = {isa = PBXBuildFile; fileRef = FB2952DA2AE06C3F00D1A798 /* UserVaccineModel.swift */; };
		FB31B8492AF83E0F00AF6A1B /* ContactsListView.swift in Sources */ = {isa = PBXBuildFile; fileRef = FB31B8482AF83E0F00AF6A1B /* ContactsListView.swift */; };
		FB35D2332ADF772D00803EB0 /* SearchBar.swift in Sources */ = {isa = PBXBuildFile; fileRef = FB35D2322ADF772D00803EB0 /* SearchBar.swift */; };
		FB39CB5F2AF2D488002E5555 /* WelcomPageView.swift in Sources */ = {isa = PBXBuildFile; fileRef = FB39CB5E2AF2D488002E5555 /* WelcomPageView.swift */; };
		FB39CB612AF2D4BC002E5555 /* RectangleInfo.swift in Sources */ = {isa = PBXBuildFile; fileRef = FB39CB602AF2D4BC002E5555 /* RectangleInfo.swift */; };
		FB39CB642AF574C0002E5555 /* StartHistoryView.swift in Sources */ = {isa = PBXBuildFile; fileRef = FB39CB632AF574C0002E5555 /* StartHistoryView.swift */; };
		FB3D14022AF5B9050013DDD4 /* TrashView.swift in Sources */ = {isa = PBXBuildFile; fileRef = FB3D14012AF5B9050013DDD4 /* TrashView.swift */; };
		FB76649D2AF1739F0039AA0E /* SectionCard.swift in Sources */ = {isa = PBXBuildFile; fileRef = FB76649C2AF1739F0039AA0E /* SectionCard.swift */; };
		FB76649E2AF1739F0039AA0E /* SectionCard.swift in Sources */ = {isa = PBXBuildFile; fileRef = FB76649C2AF1739F0039AA0E /* SectionCard.swift */; };
		FB76649F2AF1739F0039AA0E /* SectionCard.swift in Sources */ = {isa = PBXBuildFile; fileRef = FB76649C2AF1739F0039AA0E /* SectionCard.swift */; };
		FB7664A12AF17AB10039AA0E /* UserModel.swift in Sources */ = {isa = PBXBuildFile; fileRef = FB7664A02AF17AB10039AA0E /* UserModel.swift */; };
		FB7664A22AF17AB10039AA0E /* UserModel.swift in Sources */ = {isa = PBXBuildFile; fileRef = FB7664A02AF17AB10039AA0E /* UserModel.swift */; };
		FB7664A32AF17AB10039AA0E /* UserModel.swift in Sources */ = {isa = PBXBuildFile; fileRef = FB7664A02AF17AB10039AA0E /* UserModel.swift */; };
		FB7664AD2AF186440039AA0E /* CommonTextInput.swift in Sources */ = {isa = PBXBuildFile; fileRef = FB7664AC2AF186440039AA0E /* CommonTextInput.swift */; };
		FB77DC9F2AF5A72B0065878B /* InicioSesion.swift in Sources */ = {isa = PBXBuildFile; fileRef = FB77DC9E2AF5A72B0065878B /* InicioSesion.swift */; };
		FB8ED3BA2AF1518300DE02FD /* MainTabView.swift in Sources */ = {isa = PBXBuildFile; fileRef = FB8ED3B92AF1518200DE02FD /* MainTabView.swift */; };
		FB8ED3BF2AF1580100DE02FD /* HomeView.swift in Sources */ = {isa = PBXBuildFile; fileRef = FB8ED3BE2AF1580100DE02FD /* HomeView.swift */; };
		FB8ED3C02AF1580100DE02FD /* HomeView.swift in Sources */ = {isa = PBXBuildFile; fileRef = FB8ED3BE2AF1580100DE02FD /* HomeView.swift */; };
		FB8ED3C12AF1580100DE02FD /* HomeView.swift in Sources */ = {isa = PBXBuildFile; fileRef = FB8ED3BE2AF1580100DE02FD /* HomeView.swift */; };
		FB8ED3C32AF1581200DE02FD /* ProfileView.swift in Sources */ = {isa = PBXBuildFile; fileRef = FB8ED3C22AF1581200DE02FD /* ProfileView.swift */; };
		FB8ED3C42AF1581200DE02FD /* ProfileView.swift in Sources */ = {isa = PBXBuildFile; fileRef = FB8ED3C22AF1581200DE02FD /* ProfileView.swift */; };
		FB8ED3C52AF1581200DE02FD /* ProfileView.swift in Sources */ = {isa = PBXBuildFile; fileRef = FB8ED3C22AF1581200DE02FD /* ProfileView.swift */; };
		FB9CA1182ADF0629008ACA54 /* VaccineModel.swift in Sources */ = {isa = PBXBuildFile; fileRef = FB9CA1172ADF0629008ACA54 /* VaccineModel.swift */; };
		FB9CA11A2ADF0B71008ACA54 /* VaccineViewModel.swift in Sources */ = {isa = PBXBuildFile; fileRef = FB9CA1192ADF0B71008ACA54 /* VaccineViewModel.swift */; };
		FBC61B1C2AF5AD0D00FAAFC5 /* BotonesInicio.swift in Sources */ = {isa = PBXBuildFile; fileRef = FBC61B1B2AF5AD0D00FAAFC5 /* BotonesInicio.swift */; };
		FBEAE9BF2AF84328006E0B3D /* ContactsViewModel.swift in Sources */ = {isa = PBXBuildFile; fileRef = FBEAE9BE2AF84328006E0B3D /* ContactsViewModel.swift */; };
		FBEAE9C22AF84375006E0B3D /* ContactModel.swift in Sources */ = {isa = PBXBuildFile; fileRef = FBEAE9C12AF84375006E0B3D /* ContactModel.swift */; };
		FBEAE9C42AF843FC006E0B3D /* RelationshipModel.swift in Sources */ = {isa = PBXBuildFile; fileRef = FBEAE9C32AF843FC006E0B3D /* RelationshipModel.swift */; };
		FBEF4B002ADF567D00144664 /* AddVaccineToUserView.swift in Sources */ = {isa = PBXBuildFile; fileRef = FBEF4AFF2ADF567D00144664 /* AddVaccineToUserView.swift */; };
		FBEF4B022ADF591000144664 /* Constants.swift in Sources */ = {isa = PBXBuildFile; fileRef = FBEF4B012ADF591000144664 /* Constants.swift */; };
/* End PBXBuildFile section */

/* Begin PBXContainerItemProxy section */
		61FA75732ADEFF2F00BB6B2A /* PBXContainerItemProxy */ = {
			isa = PBXContainerItemProxy;
			containerPortal = 61FA755A2ADEFF2C00BB6B2A /* Project object */;
			proxyType = 1;
			remoteGlobalIDString = 61FA75612ADEFF2C00BB6B2A;
			remoteInfo = Consultame;
		};
		61FA757D2ADEFF2F00BB6B2A /* PBXContainerItemProxy */ = {
			isa = PBXContainerItemProxy;
			containerPortal = 61FA755A2ADEFF2C00BB6B2A /* Project object */;
			proxyType = 1;
			remoteGlobalIDString = 61FA75612ADEFF2C00BB6B2A;
			remoteInfo = Consultame;
		};
/* End PBXContainerItemProxy section */

/* Begin PBXFileReference section */
		61752F0E2AF8BF1E007B95C1 /* SpeechRecognizer.swift */ = {isa = PBXFileReference; lastKnownFileType = sourcecode.swift; path = SpeechRecognizer.swift; sourceTree = "<group>"; };
		61752F162AF8C0C5007B95C1 /* ListenBox.swift */ = {isa = PBXFileReference; lastKnownFileType = sourcecode.swift; path = ListenBox.swift; sourceTree = "<group>"; };
		61752F182AF8C473007B95C1 /* Theme.swift */ = {isa = PBXFileReference; fileEncoding = 4; lastKnownFileType = sourcecode.swift; path = Theme.swift; sourceTree = "<group>"; };
		61752F1A2AF8C60A007B95C1 /* DatosConsulta.swift */ = {isa = PBXFileReference; lastKnownFileType = sourcecode.swift; path = DatosConsulta.swift; sourceTree = "<group>"; };
		61752F1E2AF8C6F8007B95C1 /* History.swift */ = {isa = PBXFileReference; fileEncoding = 4; lastKnownFileType = sourcecode.swift; path = History.swift; sourceTree = "<group>"; };
		61752F222AF8CD21007B95C1 /* CircleButton.swift */ = {isa = PBXFileReference; lastKnownFileType = sourcecode.swift; path = CircleButton.swift; sourceTree = "<group>"; };
		61752F242AF8D360007B95C1 /* HistoryView.swift */ = {isa = PBXFileReference; lastKnownFileType = sourcecode.swift; path = HistoryView.swift; sourceTree = "<group>"; };
		61752F262AF8DAB0007B95C1 /* Coversacion.swift */ = {isa = PBXFileReference; lastKnownFileType = sourcecode.swift; path = Coversacion.swift; sourceTree = "<group>"; };
		61752F282AF8E55D007B95C1 /* CircularButton.swift */ = {isa = PBXFileReference; lastKnownFileType = sourcecode.swift; path = CircularButton.swift; sourceTree = "<group>"; };
		61752F2A2AF8F5AD007B95C1 /* SpeakBox.swift */ = {isa = PBXFileReference; fileEncoding = 4; lastKnownFileType = sourcecode.swift; path = SpeakBox.swift; sourceTree = "<group>"; };
		618E49FE2AE0ED90007681E5 /* SplashScreen.swift */ = {isa = PBXFileReference; lastKnownFileType = sourcecode.swift; path = SplashScreen.swift; sourceTree = "<group>"; };
		618E4A002AE195CB007681E5 /* Info.plist */ = {isa = PBXFileReference; lastKnownFileType = text.plist; path = Info.plist; sourceTree = "<group>"; };
		61FA75622ADEFF2C00BB6B2A /* Consultame.app */ = {isa = PBXFileReference; explicitFileType = wrapper.application; includeInIndex = 0; path = Consultame.app; sourceTree = BUILT_PRODUCTS_DIR; };
		61FA75652ADEFF2C00BB6B2A /* ConsultameApp.swift */ = {isa = PBXFileReference; lastKnownFileType = sourcecode.swift; path = ConsultameApp.swift; sourceTree = "<group>"; };
		61FA75692ADEFF2E00BB6B2A /* Assets.xcassets */ = {isa = PBXFileReference; lastKnownFileType = folder.assetcatalog; path = Assets.xcassets; sourceTree = "<group>"; };
		61FA756C2ADEFF2E00BB6B2A /* Preview Assets.xcassets */ = {isa = PBXFileReference; lastKnownFileType = folder.assetcatalog; path = "Preview Assets.xcassets"; sourceTree = "<group>"; };
		61FA75722ADEFF2F00BB6B2A /* ConsultameTests.xctest */ = {isa = PBXFileReference; explicitFileType = wrapper.cfbundle; includeInIndex = 0; path = ConsultameTests.xctest; sourceTree = BUILT_PRODUCTS_DIR; };
		61FA75762ADEFF2F00BB6B2A /* ConsultameTests.swift */ = {isa = PBXFileReference; lastKnownFileType = sourcecode.swift; path = ConsultameTests.swift; sourceTree = "<group>"; };
		61FA757C2ADEFF2F00BB6B2A /* ConsultameUITests.xctest */ = {isa = PBXFileReference; explicitFileType = wrapper.cfbundle; includeInIndex = 0; path = ConsultameUITests.xctest; sourceTree = BUILT_PRODUCTS_DIR; };
		61FA75802ADEFF2F00BB6B2A /* ConsultameUITests.swift */ = {isa = PBXFileReference; lastKnownFileType = sourcecode.swift; path = ConsultameUITests.swift; sourceTree = "<group>"; };
		61FA75822ADEFF2F00BB6B2A /* ConsultameUITestsLaunchTests.swift */ = {isa = PBXFileReference; lastKnownFileType = sourcecode.swift; path = ConsultameUITestsLaunchTests.swift; sourceTree = "<group>"; };
		849A16952AF995F50061A8A9 /* RegisterView.swift */ = {isa = PBXFileReference; lastKnownFileType = sourcecode.swift; path = RegisterView.swift; sourceTree = "<group>"; };
		FB1C5EB22AF5720E00EA7EDA /* VaccinesListView.swift */ = {isa = PBXFileReference; lastKnownFileType = sourcecode.swift; path = VaccinesListView.swift; sourceTree = "<group>"; };
		FB1C5EB42AF576CF00EA7EDA /* VaccineCard.swift */ = {isa = PBXFileReference; lastKnownFileType = sourcecode.swift; path = VaccineCard.swift; sourceTree = "<group>"; };
		FB2890A42AF84DB900EFEF35 /* AddContactToUserView.swift */ = {isa = PBXFileReference; lastKnownFileType = sourcecode.swift; path = AddContactToUserView.swift; sourceTree = "<group>"; };
		FB2890A72AF8668800EFEF35 /* HabitsListView.swift */ = {isa = PBXFileReference; lastKnownFileType = sourcecode.swift; path = HabitsListView.swift; sourceTree = "<group>"; };
		FB2890AA2AF8696500EFEF35 /* AllergiesTabView.swift */ = {isa = PBXFileReference; lastKnownFileType = sourcecode.swift; path = AllergiesTabView.swift; sourceTree = "<group>"; };
		FB2890AC2AF86BB300EFEF35 /* FoodAllergiesView.swift */ = {isa = PBXFileReference; lastKnownFileType = sourcecode.swift; path = FoodAllergiesView.swift; sourceTree = "<group>"; };
		FB2890AE2AF86BCB00EFEF35 /* DrugAllergiesView.swift */ = {isa = PBXFileReference; lastKnownFileType = sourcecode.swift; path = DrugAllergiesView.swift; sourceTree = "<group>"; };
		FB2890B02AF86E9400EFEF35 /* OtherAllergiesView.swift */ = {isa = PBXFileReference; lastKnownFileType = sourcecode.swift; path = OtherAllergiesView.swift; sourceTree = "<group>"; };
		FB2952DA2AE06C3F00D1A798 /* UserVaccineModel.swift */ = {isa = PBXFileReference; lastKnownFileType = sourcecode.swift; name = UserVaccineModel.swift; path = Consultame/Vaccine/Models/UserVaccineModel.swift; sourceTree = SOURCE_ROOT; };
		FB31B8482AF83E0F00AF6A1B /* ContactsListView.swift */ = {isa = PBXFileReference; lastKnownFileType = sourcecode.swift; path = ContactsListView.swift; sourceTree = "<group>"; };
		FB35D2322ADF772D00803EB0 /* SearchBar.swift */ = {isa = PBXFileReference; lastKnownFileType = sourcecode.swift; name = SearchBar.swift; path = Consultame/Helper/SearchBar.swift; sourceTree = SOURCE_ROOT; };
		FB39CB5E2AF2D488002E5555 /* WelcomPageView.swift */ = {isa = PBXFileReference; lastKnownFileType = sourcecode.swift; path = WelcomPageView.swift; sourceTree = "<group>"; };
		FB39CB602AF2D4BC002E5555 /* RectangleInfo.swift */ = {isa = PBXFileReference; lastKnownFileType = sourcecode.swift; path = RectangleInfo.swift; sourceTree = "<group>"; };
		FB39CB632AF574C0002E5555 /* StartHistoryView.swift */ = {isa = PBXFileReference; lastKnownFileType = sourcecode.swift; path = StartHistoryView.swift; sourceTree = "<group>"; };
		FB3D14012AF5B9050013DDD4 /* TrashView.swift */ = {isa = PBXFileReference; lastKnownFileType = sourcecode.swift; path = TrashView.swift; sourceTree = "<group>"; };
		FB76649C2AF1739F0039AA0E /* SectionCard.swift */ = {isa = PBXFileReference; lastKnownFileType = sourcecode.swift; name = SectionCard.swift; path = Consultame/Profile/SectionCard.swift; sourceTree = SOURCE_ROOT; };
		FB7664A02AF17AB10039AA0E /* UserModel.swift */ = {isa = PBXFileReference; lastKnownFileType = sourcecode.swift; name = UserModel.swift; path = Consultame/Register/Models/UserModel.swift; sourceTree = SOURCE_ROOT; };
		FB7664AC2AF186440039AA0E /* CommonTextInput.swift */ = {isa = PBXFileReference; lastKnownFileType = sourcecode.swift; name = CommonTextInput.swift; path = Consultame/Helper/CommonTextInput.swift; sourceTree = SOURCE_ROOT; };
		FB77DC9E2AF5A72B0065878B /* InicioSesion.swift */ = {isa = PBXFileReference; lastKnownFileType = sourcecode.swift; path = InicioSesion.swift; sourceTree = "<group>"; };
		FB8ED3B92AF1518200DE02FD /* MainTabView.swift */ = {isa = PBXFileReference; lastKnownFileType = sourcecode.swift; path = MainTabView.swift; sourceTree = "<group>"; };
		FB8ED3BE2AF1580100DE02FD /* HomeView.swift */ = {isa = PBXFileReference; lastKnownFileType = sourcecode.swift; path = HomeView.swift; sourceTree = "<group>"; };
		FB8ED3C22AF1581200DE02FD /* ProfileView.swift */ = {isa = PBXFileReference; lastKnownFileType = sourcecode.swift; name = ProfileView.swift; path = Consultame/Profile/ProfileView.swift; sourceTree = SOURCE_ROOT; };
		FB9CA1172ADF0629008ACA54 /* VaccineModel.swift */ = {isa = PBXFileReference; lastKnownFileType = sourcecode.swift; name = VaccineModel.swift; path = Consultame/Vaccine/Models/VaccineModel.swift; sourceTree = SOURCE_ROOT; };
		FB9CA1192ADF0B71008ACA54 /* VaccineViewModel.swift */ = {isa = PBXFileReference; lastKnownFileType = sourcecode.swift; name = VaccineViewModel.swift; path = Consultame/Vaccine/ViewModels/VaccineViewModel.swift; sourceTree = SOURCE_ROOT; };
		FBC61B1B2AF5AD0D00FAAFC5 /* BotonesInicio.swift */ = {isa = PBXFileReference; lastKnownFileType = sourcecode.swift; path = BotonesInicio.swift; sourceTree = "<group>"; };
		FBEAE9BE2AF84328006E0B3D /* ContactsViewModel.swift */ = {isa = PBXFileReference; lastKnownFileType = sourcecode.swift; path = ContactsViewModel.swift; sourceTree = "<group>"; };
		FBEAE9C12AF84375006E0B3D /* ContactModel.swift */ = {isa = PBXFileReference; lastKnownFileType = sourcecode.swift; path = ContactModel.swift; sourceTree = "<group>"; };
		FBEAE9C32AF843FC006E0B3D /* RelationshipModel.swift */ = {isa = PBXFileReference; lastKnownFileType = sourcecode.swift; path = RelationshipModel.swift; sourceTree = "<group>"; };
		FBEF4AFF2ADF567D00144664 /* AddVaccineToUserView.swift */ = {isa = PBXFileReference; lastKnownFileType = sourcecode.swift; path = AddVaccineToUserView.swift; sourceTree = "<group>"; };
		FBEF4B012ADF591000144664 /* Constants.swift */ = {isa = PBXFileReference; lastKnownFileType = sourcecode.swift; path = Constants.swift; sourceTree = "<group>"; };
/* End PBXFileReference section */

/* Begin PBXFrameworksBuildPhase section */
		61FA755F2ADEFF2C00BB6B2A /* Frameworks */ = {
			isa = PBXFrameworksBuildPhase;
			buildActionMask = 2147483647;
			files = (
			);
			runOnlyForDeploymentPostprocessing = 0;
		};
		61FA756F2ADEFF2F00BB6B2A /* Frameworks */ = {
			isa = PBXFrameworksBuildPhase;
			buildActionMask = 2147483647;
			files = (
			);
			runOnlyForDeploymentPostprocessing = 0;
		};
		61FA75792ADEFF2F00BB6B2A /* Frameworks */ = {
			isa = PBXFrameworksBuildPhase;
			buildActionMask = 2147483647;
			files = (
			);
			runOnlyForDeploymentPostprocessing = 0;
		};
/* End PBXFrameworksBuildPhase section */

/* Begin PBXGroup section */
		61752F0B2AF88964007B95C1 /* SpeechToText */ = {
			isa = PBXGroup;
			children = (
				61752F132AF8BFBB007B95C1 /* View */,
				61752F112AF8BFA5007B95C1 /* ViewModel */,
				61752F0D2AF8BF0A007B95C1 /* Model */,
			);
			path = SpeechToText;
			sourceTree = "<group>";
		};
		61752F0D2AF8BF0A007B95C1 /* Model */ = {
			isa = PBXGroup;
			children = (
				61752F0E2AF8BF1E007B95C1 /* SpeechRecognizer.swift */,
				61752F182AF8C473007B95C1 /* Theme.swift */,
				61752F1A2AF8C60A007B95C1 /* DatosConsulta.swift */,
				61752F1E2AF8C6F8007B95C1 /* History.swift */,
				61752F282AF8E55D007B95C1 /* CircularButton.swift */,
			);
			path = Model;
			sourceTree = "<group>";
		};
		61752F112AF8BFA5007B95C1 /* ViewModel */ = {
			isa = PBXGroup;
			children = (
			);
			path = ViewModel;
			sourceTree = "<group>";
		};
		61752F132AF8BFBB007B95C1 /* View */ = {
			isa = PBXGroup;
			children = (
				61752F162AF8C0C5007B95C1 /* ListenBox.swift */,
				61752F2A2AF8F5AD007B95C1 /* SpeakBox.swift */,
				61752F222AF8CD21007B95C1 /* CircleButton.swift */,
				61752F242AF8D360007B95C1 /* HistoryView.swift */,
				61752F262AF8DAB0007B95C1 /* Coversacion.swift */,
			);
			path = View;
			sourceTree = "<group>";
		};
		61FA75592ADEFF2C00BB6B2A = {
			isa = PBXGroup;
			children = (
				61FA75642ADEFF2C00BB6B2A /* Consultame */,
				61FA75752ADEFF2F00BB6B2A /* ConsultameTests */,
				61FA757F2ADEFF2F00BB6B2A /* ConsultameUITests */,
				61FA75632ADEFF2C00BB6B2A /* Products */,
			);
			sourceTree = "<group>";
		};
		61FA75632ADEFF2C00BB6B2A /* Products */ = {
			isa = PBXGroup;
			children = (
				61FA75622ADEFF2C00BB6B2A /* Consultame.app */,
				61FA75722ADEFF2F00BB6B2A /* ConsultameTests.xctest */,
				61FA757C2ADEFF2F00BB6B2A /* ConsultameUITests.xctest */,
			);
			name = Products;
			sourceTree = "<group>";
		};
		61FA75642ADEFF2C00BB6B2A /* Consultame */ = {
			isa = PBXGroup;
			children = (
				61752F0B2AF88964007B95C1 /* SpeechToText */,
				FB2890A92AF8683000EFEF35 /* Allergies */,
				FB2890A62AF8666900EFEF35 /* Habits */,
				FB31B8472AF83DF000AF6A1B /* Contacts */,
				FB77DCA02AF5A72F0065878B /* InicioSesion */,
				FB39CB622AF5744F002E5555 /* MedicalHistory */,
				FBAC77FA2AF2D2E0003F63AE /* WelcomPage */,
				FB7664AE2AF187770039AA0E /* Helper */,
				FB7664AA2AF181110039AA0E /* Register */,
				FB7664A92AF180C80039AA0E /* Splash */,
				FB7664A62AF17F8D0039AA0E /* Vaccine */,
				FB7664A52AF17F2C0039AA0E /* Home */,
				FB7664A42AF17EC70039AA0E /* Profile */,
				618E4A002AE195CB007681E5 /* Info.plist */,
				FB8ED3B92AF1518200DE02FD /* MainTabView.swift */,
				61FA75652ADEFF2C00BB6B2A /* ConsultameApp.swift */,
				61FA75692ADEFF2E00BB6B2A /* Assets.xcassets */,
				61FA756B2ADEFF2E00BB6B2A /* Preview Content */,
				FBEF4B012ADF591000144664 /* Constants.swift */,
				FB3D14012AF5B9050013DDD4 /* TrashView.swift */,
			);
			path = Consultame;
			sourceTree = "<group>";
		};
		61FA756B2ADEFF2E00BB6B2A /* Preview Content */ = {
			isa = PBXGroup;
			children = (
				61FA756C2ADEFF2E00BB6B2A /* Preview Assets.xcassets */,
			);
			path = "Preview Content";
			sourceTree = "<group>";
		};
		61FA75752ADEFF2F00BB6B2A /* ConsultameTests */ = {
			isa = PBXGroup;
			children = (
				61FA75762ADEFF2F00BB6B2A /* ConsultameTests.swift */,
			);
			path = ConsultameTests;
			sourceTree = "<group>";
		};
		61FA757F2ADEFF2F00BB6B2A /* ConsultameUITests */ = {
			isa = PBXGroup;
			children = (
				61FA75802ADEFF2F00BB6B2A /* ConsultameUITests.swift */,
				61FA75822ADEFF2F00BB6B2A /* ConsultameUITestsLaunchTests.swift */,
			);
			path = ConsultameUITests;
			sourceTree = "<group>";
		};
		FB2890A62AF8666900EFEF35 /* Habits */ = {
			isa = PBXGroup;
			children = (
				FB2890A72AF8668800EFEF35 /* HabitsListView.swift */,
			);
			path = Habits;
			sourceTree = "<group>";
		};
		FB2890A92AF8683000EFEF35 /* Allergies */ = {
			isa = PBXGroup;
			children = (
				FB2890AA2AF8696500EFEF35 /* AllergiesTabView.swift */,
				FB2890AC2AF86BB300EFEF35 /* FoodAllergiesView.swift */,
				FB2890AE2AF86BCB00EFEF35 /* DrugAllergiesView.swift */,
				FB2890B02AF86E9400EFEF35 /* OtherAllergiesView.swift */,
			);
			path = Allergies;
			sourceTree = "<group>";
		};
		FB31B8472AF83DF000AF6A1B /* Contacts */ = {
			isa = PBXGroup;
			children = (
				FBEAE9C02AF8435F006E0B3D /* Models */,
				FBEAE9BD2AF84308006E0B3D /* ViewModels */,
				FB31B8482AF83E0F00AF6A1B /* ContactsListView.swift */,
				FB2890A42AF84DB900EFEF35 /* AddContactToUserView.swift */,
			);
			path = Contacts;
			sourceTree = "<group>";
		};
		FB39CB622AF5744F002E5555 /* MedicalHistory */ = {
			isa = PBXGroup;
			children = (
				FB39CB632AF574C0002E5555 /* StartHistoryView.swift */,
			);
			path = MedicalHistory;
			sourceTree = "<group>";
		};
		FB7664A42AF17EC70039AA0E /* Profile */ = {
			isa = PBXGroup;
			children = (
				FB76649C2AF1739F0039AA0E /* SectionCard.swift */,
				FB8ED3C22AF1581200DE02FD /* ProfileView.swift */,
			);
			path = Profile;
			sourceTree = "<group>";
		};
		FB7664A52AF17F2C0039AA0E /* Home */ = {
			isa = PBXGroup;
			children = (
				FB8ED3BE2AF1580100DE02FD /* HomeView.swift */,
			);
			path = Home;
			sourceTree = "<group>";
		};
		FB7664A62AF17F8D0039AA0E /* Vaccine */ = {
			isa = PBXGroup;
			children = (
				FB7664A82AF1807E0039AA0E /* ViewModels */,
				FB7664A72AF180550039AA0E /* Models */,
				FBEF4AFF2ADF567D00144664 /* AddVaccineToUserView.swift */,
				FB1C5EB22AF5720E00EA7EDA /* VaccinesListView.swift */,
				FB1C5EB42AF576CF00EA7EDA /* VaccineCard.swift */,
			);
			path = Vaccine;
			sourceTree = "<group>";
		};
		FB7664A72AF180550039AA0E /* Models */ = {
			isa = PBXGroup;
			children = (
				FB2952DA2AE06C3F00D1A798 /* UserVaccineModel.swift */,
				FB9CA1172ADF0629008ACA54 /* VaccineModel.swift */,
			);
			path = Models;
			sourceTree = "<group>";
		};
		FB7664A82AF1807E0039AA0E /* ViewModels */ = {
			isa = PBXGroup;
			children = (
				FB9CA1192ADF0B71008ACA54 /* VaccineViewModel.swift */,
			);
			path = ViewModels;
			sourceTree = "<group>";
		};
		FB7664A92AF180C80039AA0E /* Splash */ = {
			isa = PBXGroup;
			children = (
				618E49FE2AE0ED90007681E5 /* SplashScreen.swift */,
			);
			path = Splash;
			sourceTree = "<group>";
		};
		FB7664AA2AF181110039AA0E /* Register */ = {
			isa = PBXGroup;
			children = (
				FB7664AB2AF181210039AA0E /* Models */,
				849A16952AF995F50061A8A9 /* RegisterView.swift */,
			);
			path = Register;
			sourceTree = "<group>";
		};
		FB7664AB2AF181210039AA0E /* Models */ = {
			isa = PBXGroup;
			children = (
				FB7664A02AF17AB10039AA0E /* UserModel.swift */,
			);
			path = Models;
			sourceTree = "<group>";
		};
		FB7664AE2AF187770039AA0E /* Helper */ = {
			isa = PBXGroup;
			children = (
				FB35D2322ADF772D00803EB0 /* SearchBar.swift */,
				FB7664AC2AF186440039AA0E /* CommonTextInput.swift */,
				FBC61B1B2AF5AD0D00FAAFC5 /* BotonesInicio.swift */,
			);
			path = Helper;
			sourceTree = "<group>";
		};
		FB77DCA02AF5A72F0065878B /* InicioSesion */ = {
			isa = PBXGroup;
			children = (
				FB77DC9E2AF5A72B0065878B /* InicioSesion.swift */,
			);
			path = InicioSesion;
			sourceTree = "<group>";
		};
		FBAC77FA2AF2D2E0003F63AE /* WelcomPage */ = {
			isa = PBXGroup;
			children = (
				FB39CB5E2AF2D488002E5555 /* WelcomPageView.swift */,
				FB39CB602AF2D4BC002E5555 /* RectangleInfo.swift */,
			);
			path = WelcomPage;
			sourceTree = "<group>";
		};
		FBEAE9BD2AF84308006E0B3D /* ViewModels */ = {
			isa = PBXGroup;
			children = (
				FBEAE9BE2AF84328006E0B3D /* ContactsViewModel.swift */,
			);
			path = ViewModels;
			sourceTree = "<group>";
		};
		FBEAE9C02AF8435F006E0B3D /* Models */ = {
			isa = PBXGroup;
			children = (
				FBEAE9C12AF84375006E0B3D /* ContactModel.swift */,
				FBEAE9C32AF843FC006E0B3D /* RelationshipModel.swift */,
			);
			path = Models;
			sourceTree = "<group>";
		};
/* End PBXGroup section */

/* Begin PBXNativeTarget section */
		61FA75612ADEFF2C00BB6B2A /* Consultame */ = {
			isa = PBXNativeTarget;
			buildConfigurationList = 61FA75862ADEFF2F00BB6B2A /* Build configuration list for PBXNativeTarget "Consultame" */;
			buildPhases = (
				61FA755E2ADEFF2C00BB6B2A /* Sources */,
				61FA755F2ADEFF2C00BB6B2A /* Frameworks */,
				61FA75602ADEFF2C00BB6B2A /* Resources */,
			);
			buildRules = (
			);
			dependencies = (
			);
			name = Consultame;
			productName = Consultame;
			productReference = 61FA75622ADEFF2C00BB6B2A /* Consultame.app */;
			productType = "com.apple.product-type.application";
		};
		61FA75712ADEFF2F00BB6B2A /* ConsultameTests */ = {
			isa = PBXNativeTarget;
			buildConfigurationList = 61FA75892ADEFF2F00BB6B2A /* Build configuration list for PBXNativeTarget "ConsultameTests" */;
			buildPhases = (
				61FA756E2ADEFF2F00BB6B2A /* Sources */,
				61FA756F2ADEFF2F00BB6B2A /* Frameworks */,
				61FA75702ADEFF2F00BB6B2A /* Resources */,
			);
			buildRules = (
			);
			dependencies = (
				61FA75742ADEFF2F00BB6B2A /* PBXTargetDependency */,
			);
			name = ConsultameTests;
			productName = ConsultameTests;
			productReference = 61FA75722ADEFF2F00BB6B2A /* ConsultameTests.xctest */;
			productType = "com.apple.product-type.bundle.unit-test";
		};
		61FA757B2ADEFF2F00BB6B2A /* ConsultameUITests */ = {
			isa = PBXNativeTarget;
			buildConfigurationList = 61FA758C2ADEFF2F00BB6B2A /* Build configuration list for PBXNativeTarget "ConsultameUITests" */;
			buildPhases = (
				61FA75782ADEFF2F00BB6B2A /* Sources */,
				61FA75792ADEFF2F00BB6B2A /* Frameworks */,
				61FA757A2ADEFF2F00BB6B2A /* Resources */,
			);
			buildRules = (
			);
			dependencies = (
				61FA757E2ADEFF2F00BB6B2A /* PBXTargetDependency */,
			);
			name = ConsultameUITests;
			productName = ConsultameUITests;
			productReference = 61FA757C2ADEFF2F00BB6B2A /* ConsultameUITests.xctest */;
			productType = "com.apple.product-type.bundle.ui-testing";
		};
/* End PBXNativeTarget section */

/* Begin PBXProject section */
		61FA755A2ADEFF2C00BB6B2A /* Project object */ = {
			isa = PBXProject;
			attributes = {
				BuildIndependentTargetsInParallel = 1;
				LastSwiftUpdateCheck = 1430;
				LastUpgradeCheck = 1430;
				TargetAttributes = {
					61FA75612ADEFF2C00BB6B2A = {
						CreatedOnToolsVersion = 14.3.1;
					};
					61FA75712ADEFF2F00BB6B2A = {
						CreatedOnToolsVersion = 14.3.1;
						TestTargetID = 61FA75612ADEFF2C00BB6B2A;
					};
					61FA757B2ADEFF2F00BB6B2A = {
						CreatedOnToolsVersion = 14.3.1;
						TestTargetID = 61FA75612ADEFF2C00BB6B2A;
					};
				};
			};
			buildConfigurationList = 61FA755D2ADEFF2C00BB6B2A /* Build configuration list for PBXProject "Consultame" */;
			compatibilityVersion = "Xcode 14.0";
			developmentRegion = en;
			hasScannedForEncodings = 0;
			knownRegions = (
				en,
				Base,
			);
			mainGroup = 61FA75592ADEFF2C00BB6B2A;
			productRefGroup = 61FA75632ADEFF2C00BB6B2A /* Products */;
			projectDirPath = "";
			projectRoot = "";
			targets = (
				61FA75612ADEFF2C00BB6B2A /* Consultame */,
				61FA75712ADEFF2F00BB6B2A /* ConsultameTests */,
				61FA757B2ADEFF2F00BB6B2A /* ConsultameUITests */,
			);
		};
/* End PBXProject section */

/* Begin PBXResourcesBuildPhase section */
		61FA75602ADEFF2C00BB6B2A /* Resources */ = {
			isa = PBXResourcesBuildPhase;
			buildActionMask = 2147483647;
			files = (
				61FA756D2ADEFF2E00BB6B2A /* Preview Assets.xcassets in Resources */,
				61FA756A2ADEFF2E00BB6B2A /* Assets.xcassets in Resources */,
			);
			runOnlyForDeploymentPostprocessing = 0;
		};
		61FA75702ADEFF2F00BB6B2A /* Resources */ = {
			isa = PBXResourcesBuildPhase;
			buildActionMask = 2147483647;
			files = (
			);
			runOnlyForDeploymentPostprocessing = 0;
		};
		61FA757A2ADEFF2F00BB6B2A /* Resources */ = {
			isa = PBXResourcesBuildPhase;
			buildActionMask = 2147483647;
			files = (
			);
			runOnlyForDeploymentPostprocessing = 0;
		};
/* End PBXResourcesBuildPhase section */

/* Begin PBXSourcesBuildPhase section */
		61FA755E2ADEFF2C00BB6B2A /* Sources */ = {
			isa = PBXSourcesBuildPhase;
			buildActionMask = 2147483647;
			files = (
				849A16962AF995F50061A8A9 /* RegisterView.swift in Sources */,
				618E49FF2AE0ED90007681E5 /* SplashScreen.swift in Sources */,
				FB1C5EB52AF576CF00EA7EDA /* VaccineCard.swift in Sources */,
				61752F1F2AF8C6F8007B95C1 /* History.swift in Sources */,
				FB1C5EB32AF5720E00EA7EDA /* VaccinesListView.swift in Sources */,
				FB8ED3C32AF1581200DE02FD /* ProfileView.swift in Sources */,
				FB2890A52AF84DB900EFEF35 /* AddContactToUserView.swift in Sources */,
				FB35D2332ADF772D00803EB0 /* SearchBar.swift in Sources */,
				61752F172AF8C0C5007B95C1 /* ListenBox.swift in Sources */,
				FB76649D2AF1739F0039AA0E /* SectionCard.swift in Sources */,
				FB39CB642AF574C0002E5555 /* StartHistoryView.swift in Sources */,
				FB2890B12AF86E9400EFEF35 /* OtherAllergiesView.swift in Sources */,
				FB3D14022AF5B9050013DDD4 /* TrashView.swift in Sources */,
				61752F292AF8E55D007B95C1 /* CircularButton.swift in Sources */,
				FB2890AF2AF86BCB00EFEF35 /* DrugAllergiesView.swift in Sources */,
				61752F2B2AF8F5AD007B95C1 /* SpeakBox.swift in Sources */,
				FB9CA1182ADF0629008ACA54 /* VaccineModel.swift in Sources */,
				FB2952DB2AE06C3F00D1A798 /* UserVaccineModel.swift in Sources */,
				FB39CB5F2AF2D488002E5555 /* WelcomPageView.swift in Sources */,
				FB7664AD2AF186440039AA0E /* CommonTextInput.swift in Sources */,
				61752F232AF8CD21007B95C1 /* CircleButton.swift in Sources */,
				61752F0F2AF8BF1E007B95C1 /* SpeechRecognizer.swift in Sources */,
				FB8ED3BA2AF1518300DE02FD /* MainTabView.swift in Sources */,
				61752F252AF8D360007B95C1 /* HistoryView.swift in Sources */,
				FBEAE9C42AF843FC006E0B3D /* RelationshipModel.swift in Sources */,
				FBEAE9BF2AF84328006E0B3D /* ContactsViewModel.swift in Sources */,
				61FA75662ADEFF2C00BB6B2A /* ConsultameApp.swift in Sources */,
				61752F272AF8DAB0007B95C1 /* Coversacion.swift in Sources */,
				FB2890AD2AF86BB300EFEF35 /* FoodAllergiesView.swift in Sources */,
				FB2890A82AF8668800EFEF35 /* HabitsListView.swift in Sources */,
				FB77DC9F2AF5A72B0065878B /* InicioSesion.swift in Sources */,
				FB9CA11A2ADF0B71008ACA54 /* VaccineViewModel.swift in Sources */,
				FB8ED3BF2AF1580100DE02FD /* HomeView.swift in Sources */,
				61752F1B2AF8C60A007B95C1 /* DatosConsulta.swift in Sources */,
				FBEAE9C22AF84375006E0B3D /* ContactModel.swift in Sources */,
				61752F192AF8C473007B95C1 /* Theme.swift in Sources */,
				FBEF4B002ADF567D00144664 /* AddVaccineToUserView.swift in Sources */,
				FB31B8492AF83E0F00AF6A1B /* ContactsListView.swift in Sources */,
				FB2890AB2AF8696500EFEF35 /* AllergiesTabView.swift in Sources */,
				FB7664A12AF17AB10039AA0E /* UserModel.swift in Sources */,
				FBC61B1C2AF5AD0D00FAAFC5 /* BotonesInicio.swift in Sources */,
				FBEF4B022ADF591000144664 /* Constants.swift in Sources */,
				FB39CB612AF2D4BC002E5555 /* RectangleInfo.swift in Sources */,
			);
			runOnlyForDeploymentPostprocessing = 0;
		};
		61FA756E2ADEFF2F00BB6B2A /* Sources */ = {
			isa = PBXSourcesBuildPhase;
			buildActionMask = 2147483647;
			files = (
				FB8ED3C42AF1581200DE02FD /* ProfileView.swift in Sources */,
				FB8ED3C02AF1580100DE02FD /* HomeView.swift in Sources */,
				61FA75772ADEFF2F00BB6B2A /* ConsultameTests.swift in Sources */,
				FB7664A22AF17AB10039AA0E /* UserModel.swift in Sources */,
				FB76649E2AF1739F0039AA0E /* SectionCard.swift in Sources */,
			);
			runOnlyForDeploymentPostprocessing = 0;
		};
		61FA75782ADEFF2F00BB6B2A /* Sources */ = {
			isa = PBXSourcesBuildPhase;
			buildActionMask = 2147483647;
			files = (
				61FA75812ADEFF2F00BB6B2A /* ConsultameUITests.swift in Sources */,
				FB7664A32AF17AB10039AA0E /* UserModel.swift in Sources */,
				FB8ED3C12AF1580100DE02FD /* HomeView.swift in Sources */,
				FB8ED3C52AF1581200DE02FD /* ProfileView.swift in Sources */,
				61FA75832ADEFF2F00BB6B2A /* ConsultameUITestsLaunchTests.swift in Sources */,
				FB76649F2AF1739F0039AA0E /* SectionCard.swift in Sources */,
			);
			runOnlyForDeploymentPostprocessing = 0;
		};
/* End PBXSourcesBuildPhase section */

/* Begin PBXTargetDependency section */
		61FA75742ADEFF2F00BB6B2A /* PBXTargetDependency */ = {
			isa = PBXTargetDependency;
			target = 61FA75612ADEFF2C00BB6B2A /* Consultame */;
			targetProxy = 61FA75732ADEFF2F00BB6B2A /* PBXContainerItemProxy */;
		};
		61FA757E2ADEFF2F00BB6B2A /* PBXTargetDependency */ = {
			isa = PBXTargetDependency;
			target = 61FA75612ADEFF2C00BB6B2A /* Consultame */;
			targetProxy = 61FA757D2ADEFF2F00BB6B2A /* PBXContainerItemProxy */;
		};
/* End PBXTargetDependency section */

/* Begin XCBuildConfiguration section */
		61FA75842ADEFF2F00BB6B2A /* Debug */ = {
			isa = XCBuildConfiguration;
			buildSettings = {
				ALWAYS_SEARCH_USER_PATHS = NO;
				CLANG_ANALYZER_NONNULL = YES;
				CLANG_ANALYZER_NUMBER_OBJECT_CONVERSION = YES_AGGRESSIVE;
				CLANG_CXX_LANGUAGE_STANDARD = "gnu++20";
				CLANG_ENABLE_MODULES = YES;
				CLANG_ENABLE_OBJC_ARC = YES;
				CLANG_ENABLE_OBJC_WEAK = YES;
				CLANG_WARN_BLOCK_CAPTURE_AUTORELEASING = YES;
				CLANG_WARN_BOOL_CONVERSION = YES;
				CLANG_WARN_COMMA = YES;
				CLANG_WARN_CONSTANT_CONVERSION = YES;
				CLANG_WARN_DEPRECATED_OBJC_IMPLEMENTATIONS = YES;
				CLANG_WARN_DIRECT_OBJC_ISA_USAGE = YES_ERROR;
				CLANG_WARN_DOCUMENTATION_COMMENTS = YES;
				CLANG_WARN_EMPTY_BODY = YES;
				CLANG_WARN_ENUM_CONVERSION = YES;
				CLANG_WARN_INFINITE_RECURSION = YES;
				CLANG_WARN_INT_CONVERSION = YES;
				CLANG_WARN_NON_LITERAL_NULL_CONVERSION = YES;
				CLANG_WARN_OBJC_IMPLICIT_RETAIN_SELF = YES;
				CLANG_WARN_OBJC_LITERAL_CONVERSION = YES;
				CLANG_WARN_OBJC_ROOT_CLASS = YES_ERROR;
				CLANG_WARN_QUOTED_INCLUDE_IN_FRAMEWORK_HEADER = YES;
				CLANG_WARN_RANGE_LOOP_ANALYSIS = YES;
				CLANG_WARN_STRICT_PROTOTYPES = YES;
				CLANG_WARN_SUSPICIOUS_MOVE = YES;
				CLANG_WARN_UNGUARDED_AVAILABILITY = YES_AGGRESSIVE;
				CLANG_WARN_UNREACHABLE_CODE = YES;
				CLANG_WARN__DUPLICATE_METHOD_MATCH = YES;
				COPY_PHASE_STRIP = NO;
				DEBUG_INFORMATION_FORMAT = dwarf;
				ENABLE_STRICT_OBJC_MSGSEND = YES;
				ENABLE_TESTABILITY = YES;
				GCC_C_LANGUAGE_STANDARD = gnu11;
				GCC_DYNAMIC_NO_PIC = NO;
				GCC_NO_COMMON_BLOCKS = YES;
				GCC_OPTIMIZATION_LEVEL = 0;
				GCC_PREPROCESSOR_DEFINITIONS = (
					"DEBUG=1",
					"$(inherited)",
				);
				GCC_WARN_64_TO_32_BIT_CONVERSION = YES;
				GCC_WARN_ABOUT_RETURN_TYPE = YES_ERROR;
				GCC_WARN_UNDECLARED_SELECTOR = YES;
				GCC_WARN_UNINITIALIZED_AUTOS = YES_AGGRESSIVE;
				GCC_WARN_UNUSED_FUNCTION = YES;
				GCC_WARN_UNUSED_VARIABLE = YES;
				INFOPLIST_KEY_UIApplicationSceneManifest_Generation = YES;
				INFOPLIST_KEY_UILaunchScreen_Generation = YES;
				IPHONEOS_DEPLOYMENT_TARGET = 16.4;
				MTL_ENABLE_DEBUG_INFO = INCLUDE_SOURCE;
				MTL_FAST_MATH = YES;
				ONLY_ACTIVE_ARCH = YES;
				SDKROOT = iphoneos;
				SWIFT_ACTIVE_COMPILATION_CONDITIONS = DEBUG;
				SWIFT_OPTIMIZATION_LEVEL = "-Onone";
			};
			name = Debug;
		};
		61FA75852ADEFF2F00BB6B2A /* Release */ = {
			isa = XCBuildConfiguration;
			buildSettings = {
				ALWAYS_SEARCH_USER_PATHS = NO;
				CLANG_ANALYZER_NONNULL = YES;
				CLANG_ANALYZER_NUMBER_OBJECT_CONVERSION = YES_AGGRESSIVE;
				CLANG_CXX_LANGUAGE_STANDARD = "gnu++20";
				CLANG_ENABLE_MODULES = YES;
				CLANG_ENABLE_OBJC_ARC = YES;
				CLANG_ENABLE_OBJC_WEAK = YES;
				CLANG_WARN_BLOCK_CAPTURE_AUTORELEASING = YES;
				CLANG_WARN_BOOL_CONVERSION = YES;
				CLANG_WARN_COMMA = YES;
				CLANG_WARN_CONSTANT_CONVERSION = YES;
				CLANG_WARN_DEPRECATED_OBJC_IMPLEMENTATIONS = YES;
				CLANG_WARN_DIRECT_OBJC_ISA_USAGE = YES_ERROR;
				CLANG_WARN_DOCUMENTATION_COMMENTS = YES;
				CLANG_WARN_EMPTY_BODY = YES;
				CLANG_WARN_ENUM_CONVERSION = YES;
				CLANG_WARN_INFINITE_RECURSION = YES;
				CLANG_WARN_INT_CONVERSION = YES;
				CLANG_WARN_NON_LITERAL_NULL_CONVERSION = YES;
				CLANG_WARN_OBJC_IMPLICIT_RETAIN_SELF = YES;
				CLANG_WARN_OBJC_LITERAL_CONVERSION = YES;
				CLANG_WARN_OBJC_ROOT_CLASS = YES_ERROR;
				CLANG_WARN_QUOTED_INCLUDE_IN_FRAMEWORK_HEADER = YES;
				CLANG_WARN_RANGE_LOOP_ANALYSIS = YES;
				CLANG_WARN_STRICT_PROTOTYPES = YES;
				CLANG_WARN_SUSPICIOUS_MOVE = YES;
				CLANG_WARN_UNGUARDED_AVAILABILITY = YES_AGGRESSIVE;
				CLANG_WARN_UNREACHABLE_CODE = YES;
				CLANG_WARN__DUPLICATE_METHOD_MATCH = YES;
				COPY_PHASE_STRIP = NO;
				DEBUG_INFORMATION_FORMAT = "dwarf-with-dsym";
				ENABLE_NS_ASSERTIONS = NO;
				ENABLE_STRICT_OBJC_MSGSEND = YES;
				GCC_C_LANGUAGE_STANDARD = gnu11;
				GCC_NO_COMMON_BLOCKS = YES;
				GCC_WARN_64_TO_32_BIT_CONVERSION = YES;
				GCC_WARN_ABOUT_RETURN_TYPE = YES_ERROR;
				GCC_WARN_UNDECLARED_SELECTOR = YES;
				GCC_WARN_UNINITIALIZED_AUTOS = YES_AGGRESSIVE;
				GCC_WARN_UNUSED_FUNCTION = YES;
				GCC_WARN_UNUSED_VARIABLE = YES;
				INFOPLIST_KEY_UIApplicationSceneManifest_Generation = YES;
				INFOPLIST_KEY_UILaunchScreen_Generation = YES;
				IPHONEOS_DEPLOYMENT_TARGET = 16.4;
				MTL_ENABLE_DEBUG_INFO = NO;
				MTL_FAST_MATH = YES;
				SDKROOT = iphoneos;
				SWIFT_COMPILATION_MODE = wholemodule;
				SWIFT_OPTIMIZATION_LEVEL = "-O";
				VALIDATE_PRODUCT = YES;
			};
			name = Release;
		};
		61FA75872ADEFF2F00BB6B2A /* Debug */ = {
			isa = XCBuildConfiguration;
			buildSettings = {
				ASSETCATALOG_COMPILER_APPICON_NAME = AppIcon;
				ASSETCATALOG_COMPILER_GLOBAL_ACCENT_COLOR_NAME = AccentColor;
				CODE_SIGN_STYLE = Automatic;
				CURRENT_PROJECT_VERSION = 1;
				DEVELOPMENT_ASSET_PATHS = "\"Consultame/Preview Content\"";
				DEVELOPMENT_TEAM = Y4M8Q7FFFV;
				ENABLE_PREVIEWS = YES;
				GENERATE_INFOPLIST_FILE = YES;
				INFOPLIST_FILE = Consultame/Info.plist;
				INFOPLIST_KEY_UIApplicationSceneManifest_Generation = YES;
				INFOPLIST_KEY_UIApplicationSupportsIndirectInputEvents = YES;
				INFOPLIST_KEY_UILaunchScreen_Generation = YES;
				INFOPLIST_KEY_UISupportedInterfaceOrientations_iPad = "UIInterfaceOrientationPortrait UIInterfaceOrientationPortraitUpsideDown UIInterfaceOrientationLandscapeLeft UIInterfaceOrientationLandscapeRight";
				INFOPLIST_KEY_UISupportedInterfaceOrientations_iPhone = "UIInterfaceOrientationPortrait UIInterfaceOrientationLandscapeLeft UIInterfaceOrientationLandscapeRight";
				LD_RUNPATH_SEARCH_PATHS = (
					"$(inherited)",
					"@executable_path/Frameworks",
				);
				MARKETING_VERSION = 1.0;
				PRODUCT_BUNDLE_IDENTIFIER = daniramos.Consultame;
				PRODUCT_NAME = "$(TARGET_NAME)";
				SWIFT_EMIT_LOC_STRINGS = YES;
				SWIFT_VERSION = 5.0;
				TARGETED_DEVICE_FAMILY = "1,2";
			};
			name = Debug;
		};
		61FA75882ADEFF2F00BB6B2A /* Release */ = {
			isa = XCBuildConfiguration;
			buildSettings = {
				ASSETCATALOG_COMPILER_APPICON_NAME = AppIcon;
				ASSETCATALOG_COMPILER_GLOBAL_ACCENT_COLOR_NAME = AccentColor;
				CODE_SIGN_STYLE = Automatic;
				CURRENT_PROJECT_VERSION = 1;
				DEVELOPMENT_ASSET_PATHS = "\"Consultame/Preview Content\"";
				DEVELOPMENT_TEAM = Y4M8Q7FFFV;
				ENABLE_PREVIEWS = YES;
				GENERATE_INFOPLIST_FILE = YES;
				INFOPLIST_FILE = Consultame/Info.plist;
				INFOPLIST_KEY_UIApplicationSceneManifest_Generation = YES;
				INFOPLIST_KEY_UIApplicationSupportsIndirectInputEvents = YES;
				INFOPLIST_KEY_UILaunchScreen_Generation = YES;
				INFOPLIST_KEY_UISupportedInterfaceOrientations_iPad = "UIInterfaceOrientationPortrait UIInterfaceOrientationPortraitUpsideDown UIInterfaceOrientationLandscapeLeft UIInterfaceOrientationLandscapeRight";
				INFOPLIST_KEY_UISupportedInterfaceOrientations_iPhone = "UIInterfaceOrientationPortrait UIInterfaceOrientationLandscapeLeft UIInterfaceOrientationLandscapeRight";
				LD_RUNPATH_SEARCH_PATHS = (
					"$(inherited)",
					"@executable_path/Frameworks",
				);
				MARKETING_VERSION = 1.0;
				PRODUCT_BUNDLE_IDENTIFIER = daniramos.Consultame;
				PRODUCT_NAME = "$(TARGET_NAME)";
				SWIFT_EMIT_LOC_STRINGS = YES;
				SWIFT_VERSION = 5.0;
				TARGETED_DEVICE_FAMILY = "1,2";
			};
			name = Release;
		};
		61FA758A2ADEFF2F00BB6B2A /* Debug */ = {
			isa = XCBuildConfiguration;
			buildSettings = {
				ALWAYS_EMBED_SWIFT_STANDARD_LIBRARIES = YES;
				BUNDLE_LOADER = "$(TEST_HOST)";
				CODE_SIGN_STYLE = Automatic;
				CURRENT_PROJECT_VERSION = 1;
				DEVELOPMENT_TEAM = Y4M8Q7FFFV;
				GENERATE_INFOPLIST_FILE = YES;
				IPHONEOS_DEPLOYMENT_TARGET = 16.4;
				MARKETING_VERSION = 1.0;
				PRODUCT_BUNDLE_IDENTIFIER = daniramos.ConsultameTests;
				PRODUCT_NAME = "$(TARGET_NAME)";
				SWIFT_EMIT_LOC_STRINGS = NO;
				SWIFT_VERSION = 5.0;
				TARGETED_DEVICE_FAMILY = "1,2";
				TEST_HOST = "$(BUILT_PRODUCTS_DIR)/Consultame.app/$(BUNDLE_EXECUTABLE_FOLDER_PATH)/Consultame";
			};
			name = Debug;
		};
		61FA758B2ADEFF2F00BB6B2A /* Release */ = {
			isa = XCBuildConfiguration;
			buildSettings = {
				ALWAYS_EMBED_SWIFT_STANDARD_LIBRARIES = YES;
				BUNDLE_LOADER = "$(TEST_HOST)";
				CODE_SIGN_STYLE = Automatic;
				CURRENT_PROJECT_VERSION = 1;
				DEVELOPMENT_TEAM = Y4M8Q7FFFV;
				GENERATE_INFOPLIST_FILE = YES;
				IPHONEOS_DEPLOYMENT_TARGET = 16.4;
				MARKETING_VERSION = 1.0;
				PRODUCT_BUNDLE_IDENTIFIER = daniramos.ConsultameTests;
				PRODUCT_NAME = "$(TARGET_NAME)";
				SWIFT_EMIT_LOC_STRINGS = NO;
				SWIFT_VERSION = 5.0;
				TARGETED_DEVICE_FAMILY = "1,2";
				TEST_HOST = "$(BUILT_PRODUCTS_DIR)/Consultame.app/$(BUNDLE_EXECUTABLE_FOLDER_PATH)/Consultame";
			};
			name = Release;
		};
		61FA758D2ADEFF2F00BB6B2A /* Debug */ = {
			isa = XCBuildConfiguration;
			buildSettings = {
				ALWAYS_EMBED_SWIFT_STANDARD_LIBRARIES = YES;
				CODE_SIGN_STYLE = Automatic;
				CURRENT_PROJECT_VERSION = 1;
				DEVELOPMENT_TEAM = Y4M8Q7FFFV;
				GENERATE_INFOPLIST_FILE = YES;
				MARKETING_VERSION = 1.0;
				PRODUCT_BUNDLE_IDENTIFIER = daniramos.ConsultameUITests;
				PRODUCT_NAME = "$(TARGET_NAME)";
				SWIFT_EMIT_LOC_STRINGS = NO;
				SWIFT_VERSION = 5.0;
				TARGETED_DEVICE_FAMILY = "1,2";
				TEST_TARGET_NAME = Consultame;
			};
			name = Debug;
		};
		61FA758E2ADEFF2F00BB6B2A /* Release */ = {
			isa = XCBuildConfiguration;
			buildSettings = {
				ALWAYS_EMBED_SWIFT_STANDARD_LIBRARIES = YES;
				CODE_SIGN_STYLE = Automatic;
				CURRENT_PROJECT_VERSION = 1;
				DEVELOPMENT_TEAM = Y4M8Q7FFFV;
				GENERATE_INFOPLIST_FILE = YES;
				MARKETING_VERSION = 1.0;
				PRODUCT_BUNDLE_IDENTIFIER = daniramos.ConsultameUITests;
				PRODUCT_NAME = "$(TARGET_NAME)";
				SWIFT_EMIT_LOC_STRINGS = NO;
				SWIFT_VERSION = 5.0;
				TARGETED_DEVICE_FAMILY = "1,2";
				TEST_TARGET_NAME = Consultame;
			};
			name = Release;
		};
/* End XCBuildConfiguration section */

/* Begin XCConfigurationList section */
		61FA755D2ADEFF2C00BB6B2A /* Build configuration list for PBXProject "Consultame" */ = {
			isa = XCConfigurationList;
			buildConfigurations = (
				61FA75842ADEFF2F00BB6B2A /* Debug */,
				61FA75852ADEFF2F00BB6B2A /* Release */,
			);
			defaultConfigurationIsVisible = 0;
			defaultConfigurationName = Release;
		};
		61FA75862ADEFF2F00BB6B2A /* Build configuration list for PBXNativeTarget "Consultame" */ = {
			isa = XCConfigurationList;
			buildConfigurations = (
				61FA75872ADEFF2F00BB6B2A /* Debug */,
				61FA75882ADEFF2F00BB6B2A /* Release */,
			);
			defaultConfigurationIsVisible = 0;
			defaultConfigurationName = Release;
		};
		61FA75892ADEFF2F00BB6B2A /* Build configuration list for PBXNativeTarget "ConsultameTests" */ = {
			isa = XCConfigurationList;
			buildConfigurations = (
				61FA758A2ADEFF2F00BB6B2A /* Debug */,
				61FA758B2ADEFF2F00BB6B2A /* Release */,
			);
			defaultConfigurationIsVisible = 0;
			defaultConfigurationName = Release;
		};
		61FA758C2ADEFF2F00BB6B2A /* Build configuration list for PBXNativeTarget "ConsultameUITests" */ = {
			isa = XCConfigurationList;
			buildConfigurations = (
				61FA758D2ADEFF2F00BB6B2A /* Debug */,
				61FA758E2ADEFF2F00BB6B2A /* Release */,
			);
			defaultConfigurationIsVisible = 0;
			defaultConfigurationName = Release;
		};
/* End XCConfigurationList section */
	};
	rootObject = 61FA755A2ADEFF2C00BB6B2A /* Project object */;
}
