// !$*UTF8*$!
{
	archiveVersion = 1;
	classes = {
	};
	objectVersion = 56;
	objects = {

/* Begin PBXBuildFile section */
		61FA75662ADEFF2C00BB6B2A /* ConsultameApp.swift in Sources */ = {isa = PBXBuildFile; fileRef = 61FA75652ADEFF2C00BB6B2A /* ConsultameApp.swift */; };
		61FA75682ADEFF2C00BB6B2A /* ContentView.swift in Sources */ = {isa = PBXBuildFile; fileRef = 61FA75672ADEFF2C00BB6B2A /* ContentView.swift */; };
		61FA756A2ADEFF2E00BB6B2A /* Assets.xcassets in Resources */ = {isa = PBXBuildFile; fileRef = 61FA75692ADEFF2E00BB6B2A /* Assets.xcassets */; };
		61FA756D2ADEFF2E00BB6B2A /* Preview Assets.xcassets in Resources */ = {isa = PBXBuildFile; fileRef = 61FA756C2ADEFF2E00BB6B2A /* Preview Assets.xcassets */; };
		61FA75772ADEFF2F00BB6B2A /* ConsultameTests.swift in Sources */ = {isa = PBXBuildFile; fileRef = 61FA75762ADEFF2F00BB6B2A /* ConsultameTests.swift */; };
		61FA75812ADEFF2F00BB6B2A /* ConsultameUITests.swift in Sources */ = {isa = PBXBuildFile; fileRef = 61FA75802ADEFF2F00BB6B2A /* ConsultameUITests.swift */; };
		61FA75832ADEFF2F00BB6B2A /* ConsultameUITestsLaunchTests.swift in Sources */ = {isa = PBXBuildFile; fileRef = 61FA75822ADEFF2F00BB6B2A /* ConsultameUITestsLaunchTests.swift */; };
		FB35D2332ADF772D00803EB0 /* SearchBar.swift in Sources */ = {isa = PBXBuildFile; fileRef = FB35D2322ADF772D00803EB0 /* SearchBar.swift */; };
		FB9CA1182ADF0629008ACA54 /* VaccineModel.swift in Sources */ = {isa = PBXBuildFile; fileRef = FB9CA1172ADF0629008ACA54 /* VaccineModel.swift */; };
		FB9CA11A2ADF0B71008ACA54 /* VaccineViewModel.swift in Sources */ = {isa = PBXBuildFile; fileRef = FB9CA1192ADF0B71008ACA54 /* VaccineViewModel.swift */; };
		FBEF4B002ADF567D00144664 /* AddVaccineToUserFormView.swift in Sources */ = {isa = PBXBuildFile; fileRef = FBEF4AFF2ADF567D00144664 /* AddVaccineToUserFormView.swift */; };
		FBEF4B022ADF591000144664 /* Constants.swift in Sources */ = {isa = PBXBuildFile; fileRef = FBEF4B012ADF591000144664 /* Constants.swift */; };
/* End PBXBuildFile section */

/* Begin PBXContainerItemProxy section */
		61FA75732ADEFF2F00BB6B2A /* PBXContainerItemProxy */ = {
			isa = PBXContainerItemProxy;
			containerPortal = 61FA755A2ADEFF2C00BB6B2A /* Project object */;
			proxyType = 1;
			remoteGlobalIDString = 61FA75612ADEFF2C00BB6B2A;
			remoteInfo = Consultame;
		};
		61FA757D2ADEFF2F00BB6B2A /* PBXContainerItemProxy */ = {
			isa = PBXContainerItemProxy;
			containerPortal = 61FA755A2ADEFF2C00BB6B2A /* Project object */;
			proxyType = 1;
			remoteGlobalIDString = 61FA75612ADEFF2C00BB6B2A;
			remoteInfo = Consultame;
		};
/* End PBXContainerItemProxy section */

/* Begin PBXFileReference section */
		61FA75622ADEFF2C00BB6B2A /* Consultame.app */ = {isa = PBXFileReference; explicitFileType = wrapper.application; includeInIndex = 0; path = Consultame.app; sourceTree = BUILT_PRODUCTS_DIR; };
		61FA75652ADEFF2C00BB6B2A /* ConsultameApp.swift */ = {isa = PBXFileReference; lastKnownFileType = sourcecode.swift; path = ConsultameApp.swift; sourceTree = "<group>"; };
		61FA75672ADEFF2C00BB6B2A /* ContentView.swift */ = {isa = PBXFileReference; lastKnownFileType = sourcecode.swift; path = ContentView.swift; sourceTree = "<group>"; };
		61FA75692ADEFF2E00BB6B2A /* Assets.xcassets */ = {isa = PBXFileReference; lastKnownFileType = folder.assetcatalog; path = Assets.xcassets; sourceTree = "<group>"; };
		61FA756C2ADEFF2E00BB6B2A /* Preview Assets.xcassets */ = {isa = PBXFileReference; lastKnownFileType = folder.assetcatalog; path = "Preview Assets.xcassets"; sourceTree = "<group>"; };
		61FA75722ADEFF2F00BB6B2A /* ConsultameTests.xctest */ = {isa = PBXFileReference; explicitFileType = wrapper.cfbundle; includeInIndex = 0; path = ConsultameTests.xctest; sourceTree = BUILT_PRODUCTS_DIR; };
		61FA75762ADEFF2F00BB6B2A /* ConsultameTests.swift */ = {isa = PBXFileReference; lastKnownFileType = sourcecode.swift; path = ConsultameTests.swift; sourceTree = "<group>"; };
		61FA757C2ADEFF2F00BB6B2A /* ConsultameUITests.xctest */ = {isa = PBXFileReference; explicitFileType = wrapper.cfbundle; includeInIndex = 0; path = ConsultameUITests.xctest; sourceTree = BUILT_PRODUCTS_DIR; };
		61FA75802ADEFF2F00BB6B2A /* ConsultameUITests.swift */ = {isa = PBXFileReference; lastKnownFileType = sourcecode.swift; path = ConsultameUITests.swift; sourceTree = "<group>"; };
		61FA75822ADEFF2F00BB6B2A /* ConsultameUITestsLaunchTests.swift */ = {isa = PBXFileReference; lastKnownFileType = sourcecode.swift; path = ConsultameUITestsLaunchTests.swift; sourceTree = "<group>"; };
		FB35D2322ADF772D00803EB0 /* SearchBar.swift */ = {isa = PBXFileReference; lastKnownFileType = sourcecode.swift; name = SearchBar.swift; path = Consultame/SearchBar.swift; sourceTree = SOURCE_ROOT; };
		FB9CA1172ADF0629008ACA54 /* VaccineModel.swift */ = {isa = PBXFileReference; lastKnownFileType = sourcecode.swift; path = VaccineModel.swift; sourceTree = SOURCE_ROOT; };
		FB9CA1192ADF0B71008ACA54 /* VaccineViewModel.swift */ = {isa = PBXFileReference; lastKnownFileType = sourcecode.swift; path = VaccineViewModel.swift; sourceTree = SOURCE_ROOT; };
		FBEF4AFF2ADF567D00144664 /* AddVaccineToUserFormView.swift */ = {isa = PBXFileReference; lastKnownFileType = sourcecode.swift; path = AddVaccineToUserFormView.swift; sourceTree = "<group>"; };
		FBEF4B012ADF591000144664 /* Constants.swift */ = {isa = PBXFileReference; lastKnownFileType = sourcecode.swift; path = Constants.swift; sourceTree = "<group>"; };
/* End PBXFileReference section */

/* Begin PBXFrameworksBuildPhase section */
		61FA755F2ADEFF2C00BB6B2A /* Frameworks */ = {
			isa = PBXFrameworksBuildPhase;
			buildActionMask = 2147483647;
			files = (
			);
			runOnlyForDeploymentPostprocessing = 0;
		};
		61FA756F2ADEFF2F00BB6B2A /* Frameworks */ = {
			isa = PBXFrameworksBuildPhase;
			buildActionMask = 2147483647;
			files = (
			);
			runOnlyForDeploymentPostprocessing = 0;
		};
		61FA75792ADEFF2F00BB6B2A /* Frameworks */ = {
			isa = PBXFrameworksBuildPhase;
			buildActionMask = 2147483647;
			files = (
			);
			runOnlyForDeploymentPostprocessing = 0;
		};
/* End PBXFrameworksBuildPhase section */

/* Begin PBXGroup section */
		61FA75592ADEFF2C00BB6B2A = {
			isa = PBXGroup;
			children = (
				61FA75642ADEFF2C00BB6B2A /* Consultame */,
				61FA75752ADEFF2F00BB6B2A /* ConsultameTests */,
				61FA757F2ADEFF2F00BB6B2A /* ConsultameUITests */,
				61FA75632ADEFF2C00BB6B2A /* Products */,
			);
			sourceTree = "<group>";
		};
		61FA75632ADEFF2C00BB6B2A /* Products */ = {
			isa = PBXGroup;
			children = (
				61FA75622ADEFF2C00BB6B2A /* Consultame.app */,
				61FA75722ADEFF2F00BB6B2A /* ConsultameTests.xctest */,
				61FA757C2ADEFF2F00BB6B2A /* ConsultameUITests.xctest */,
			);
			name = Products;
			sourceTree = "<group>";
		};
		61FA75642ADEFF2C00BB6B2A /* Consultame */ = {
			isa = PBXGroup;
			children = (
				61FA75922ADF02C100BB6B2A /* Components */,
				61FA75912ADF02BA00BB6B2A /* ViewModels */,
				61FA75902ADF02B500BB6B2A /* Views */,
				61FA758F2ADF02AB00BB6B2A /* Models */,
				61FA75652ADEFF2C00BB6B2A /* ConsultameApp.swift */,
				61FA75672ADEFF2C00BB6B2A /* ContentView.swift */,
				61FA75692ADEFF2E00BB6B2A /* Assets.xcassets */,
				61FA756B2ADEFF2E00BB6B2A /* Preview Content */,
				FBEF4B012ADF591000144664 /* Constants.swift */,
			);
			path = Consultame;
			sourceTree = "<group>";
		};
		61FA756B2ADEFF2E00BB6B2A /* Preview Content */ = {
			isa = PBXGroup;
			children = (
				61FA756C2ADEFF2E00BB6B2A /* Preview Assets.xcassets */,
			);
			path = "Preview Content";
			sourceTree = "<group>";
		};
		61FA75752ADEFF2F00BB6B2A /* ConsultameTests */ = {
			isa = PBXGroup;
			children = (
				61FA75762ADEFF2F00BB6B2A /* ConsultameTests.swift */,
			);
			path = ConsultameTests;
			sourceTree = "<group>";
		};
		61FA757F2ADEFF2F00BB6B2A /* ConsultameUITests */ = {
			isa = PBXGroup;
			children = (
				61FA75802ADEFF2F00BB6B2A /* ConsultameUITests.swift */,
				61FA75822ADEFF2F00BB6B2A /* ConsultameUITestsLaunchTests.swift */,
			);
			path = ConsultameUITests;
			sourceTree = "<group>";
		};
		61FA758F2ADF02AB00BB6B2A /* Models */ = {
			isa = PBXGroup;
			children = (
				FB9CA1172ADF0629008ACA54 /* VaccineModel.swift */,
			);
			path = Models;
			sourceTree = "<group>";
		};
		61FA75902ADF02B500BB6B2A /* Views */ = {
			isa = PBXGroup;
			children = (
				FBEF4AFE2ADF565800144664 /* Vaccine */,
			);
			path = Views;
			sourceTree = "<group>";
		};
		61FA75912ADF02BA00BB6B2A /* ViewModels */ = {
			isa = PBXGroup;
			children = (
				FB9CA1192ADF0B71008ACA54 /* VaccineViewModel.swift */,
			);
			path = ViewModels;
			sourceTree = "<group>";
		};
		61FA75922ADF02C100BB6B2A /* Components */ = {
			isa = PBXGroup;
			children = (
				FB35D2322ADF772D00803EB0 /* SearchBar.swift */,
			);
			path = Components;
			sourceTree = "<group>";
		};
		FBEF4AFE2ADF565800144664 /* Vaccine */ = {
			isa = PBXGroup;
			children = (
				FBEF4AFF2ADF567D00144664 /* AddVaccineToUserFormView.swift */,
			);
			path = Vaccine;
			sourceTree = "<group>";
		};
/* End PBXGroup section */

/* Begin PBXNativeTarget section */
		61FA75612ADEFF2C00BB6B2A /* Consultame */ = {
			isa = PBXNativeTarget;
			buildConfigurationList = 61FA75862ADEFF2F00BB6B2A /* Build configuration list for PBXNativeTarget "Consultame" */;
			buildPhases = (
				61FA755E2ADEFF2C00BB6B2A /* Sources */,
				61FA755F2ADEFF2C00BB6B2A /* Frameworks */,
				61FA75602ADEFF2C00BB6B2A /* Resources */,
			);
			buildRules = (
			);
			dependencies = (
			);
			name = Consultame;
			productName = Consultame;
			productReference = 61FA75622ADEFF2C00BB6B2A /* Consultame.app */;
			productType = "com.apple.product-type.application";
		};
		61FA75712ADEFF2F00BB6B2A /* ConsultameTests */ = {
			isa = PBXNativeTarget;
			buildConfigurationList = 61FA75892ADEFF2F00BB6B2A /* Build configuration list for PBXNativeTarget "ConsultameTests" */;
			buildPhases = (
				61FA756E2ADEFF2F00BB6B2A /* Sources */,
				61FA756F2ADEFF2F00BB6B2A /* Frameworks */,
				61FA75702ADEFF2F00BB6B2A /* Resources */,
			);
			buildRules = (
			);
			dependencies = (
				61FA75742ADEFF2F00BB6B2A /* PBXTargetDependency */,
			);
			name = ConsultameTests;
			productName = ConsultameTests;
			productReference = 61FA75722ADEFF2F00BB6B2A /* ConsultameTests.xctest */;
			productType = "com.apple.product-type.bundle.unit-test";
		};
		61FA757B2ADEFF2F00BB6B2A /* ConsultameUITests */ = {
			isa = PBXNativeTarget;
			buildConfigurationList = 61FA758C2ADEFF2F00BB6B2A /* Build configuration list for PBXNativeTarget "ConsultameUITests" */;
			buildPhases = (
				61FA75782ADEFF2F00BB6B2A /* Sources */,
				61FA75792ADEFF2F00BB6B2A /* Frameworks */,
				61FA757A2ADEFF2F00BB6B2A /* Resources */,
			);
			buildRules = (
			);
			dependencies = (
				61FA757E2ADEFF2F00BB6B2A /* PBXTargetDependency */,
			);
			name = ConsultameUITests;
			productName = ConsultameUITests;
			productReference = 61FA757C2ADEFF2F00BB6B2A /* ConsultameUITests.xctest */;
			productType = "com.apple.product-type.bundle.ui-testing";
		};
/* End PBXNativeTarget section */

/* Begin PBXProject section */
		61FA755A2ADEFF2C00BB6B2A /* Project object */ = {
			isa = PBXProject;
			attributes = {
				BuildIndependentTargetsInParallel = 1;
				LastSwiftUpdateCheck = 1430;
				LastUpgradeCheck = 1430;
				TargetAttributes = {
					61FA75612ADEFF2C00BB6B2A = {
						CreatedOnToolsVersion = 14.3.1;
					};
					61FA75712ADEFF2F00BB6B2A = {
						CreatedOnToolsVersion = 14.3.1;
						TestTargetID = 61FA75612ADEFF2C00BB6B2A;
					};
					61FA757B2ADEFF2F00BB6B2A = {
						CreatedOnToolsVersion = 14.3.1;
						TestTargetID = 61FA75612ADEFF2C00BB6B2A;
					};
				};
			};
			buildConfigurationList = 61FA755D2ADEFF2C00BB6B2A /* Build configuration list for PBXProject "Consultame" */;
			compatibilityVersion = "Xcode 14.0";
			developmentRegion = en;
			hasScannedForEncodings = 0;
			knownRegions = (
				en,
				Base,
			);
			mainGroup = 61FA75592ADEFF2C00BB6B2A;
			productRefGroup = 61FA75632ADEFF2C00BB6B2A /* Products */;
			projectDirPath = "";
			projectRoot = "";
			targets = (
				61FA75612ADEFF2C00BB6B2A /* Consultame */,
				61FA75712ADEFF2F00BB6B2A /* ConsultameTests */,
				61FA757B2ADEFF2F00BB6B2A /* ConsultameUITests */,
			);
		};
/* End PBXProject section */

/* Begin PBXResourcesBuildPhase section */
		61FA75602ADEFF2C00BB6B2A /* Resources */ = {
			isa = PBXResourcesBuildPhase;
			buildActionMask = 2147483647;
			files = (
				61FA756D2ADEFF2E00BB6B2A /* Preview Assets.xcassets in Resources */,
				61FA756A2ADEFF2E00BB6B2A /* Assets.xcassets in Resources */,
			);
			runOnlyForDeploymentPostprocessing = 0;
		};
		61FA75702ADEFF2F00BB6B2A /* Resources */ = {
			isa = PBXResourcesBuildPhase;
			buildActionMask = 2147483647;
			files = (
			);
			runOnlyForDeploymentPostprocessing = 0;
		};
		61FA757A2ADEFF2F00BB6B2A /* Resources */ = {
			isa = PBXResourcesBuildPhase;
			buildActionMask = 2147483647;
			files = (
			);
			runOnlyForDeploymentPostprocessing = 0;
		};
/* End PBXResourcesBuildPhase section */

/* Begin PBXSourcesBuildPhase section */
		61FA755E2ADEFF2C00BB6B2A /* Sources */ = {
			isa = PBXSourcesBuildPhase;
			buildActionMask = 2147483647;
			files = (
				FB35D2332ADF772D00803EB0 /* SearchBar.swift in Sources */,
				FB9CA1182ADF0629008ACA54 /* VaccineModel.swift in Sources */,
				61FA75682ADEFF2C00BB6B2A /* ContentView.swift in Sources */,
				61FA75662ADEFF2C00BB6B2A /* ConsultameApp.swift in Sources */,
				FB9CA11A2ADF0B71008ACA54 /* VaccineViewModel.swift in Sources */,
				FBEF4B002ADF567D00144664 /* AddVaccineToUserFormView.swift in Sources */,
				FBEF4B022ADF591000144664 /* Constants.swift in Sources */,
			);
			runOnlyForDeploymentPostprocessing = 0;
		};
		61FA756E2ADEFF2F00BB6B2A /* Sources */ = {
			isa = PBXSourcesBuildPhase;
			buildActionMask = 2147483647;
			files = (
				61FA75772ADEFF2F00BB6B2A /* ConsultameTests.swift in Sources */,
			);
			runOnlyForDeploymentPostprocessing = 0;
		};
		61FA75782ADEFF2F00BB6B2A /* Sources */ = {
			isa = PBXSourcesBuildPhase;
			buildActionMask = 2147483647;
			files = (
				61FA75812ADEFF2F00BB6B2A /* ConsultameUITests.swift in Sources */,
				61FA75832ADEFF2F00BB6B2A /* ConsultameUITestsLaunchTests.swift in Sources */,
			);
			runOnlyForDeploymentPostprocessing = 0;
		};
/* End PBXSourcesBuildPhase section */

/* Begin PBXTargetDependency section */
		61FA75742ADEFF2F00BB6B2A /* PBXTargetDependency */ = {
			isa = PBXTargetDependency;
			target = 61FA75612ADEFF2C00BB6B2A /* Consultame */;
			targetProxy = 61FA75732ADEFF2F00BB6B2A /* PBXContainerItemProxy */;
		};
		61FA757E2ADEFF2F00BB6B2A /* PBXTargetDependency */ = {
			isa = PBXTargetDependency;
			target = 61FA75612ADEFF2C00BB6B2A /* Consultame */;
			targetProxy = 61FA757D2ADEFF2F00BB6B2A /* PBXContainerItemProxy */;
		};
/* End PBXTargetDependency section */

/* Begin XCBuildConfiguration section */
		61FA75842ADEFF2F00BB6B2A /* Debug */ = {
			isa = XCBuildConfiguration;
			buildSettings = {
				ALWAYS_SEARCH_USER_PATHS = NO;
				CLANG_ANALYZER_NONNULL = YES;
				CLANG_ANALYZER_NUMBER_OBJECT_CONVERSION = YES_AGGRESSIVE;
				CLANG_CXX_LANGUAGE_STANDARD = "gnu++20";
				CLANG_ENABLE_MODULES = YES;
				CLANG_ENABLE_OBJC_ARC = YES;
				CLANG_ENABLE_OBJC_WEAK = YES;
				CLANG_WARN_BLOCK_CAPTURE_AUTORELEASING = YES;
				CLANG_WARN_BOOL_CONVERSION = YES;
				CLANG_WARN_COMMA = YES;
				CLANG_WARN_CONSTANT_CONVERSION = YES;
				CLANG_WARN_DEPRECATED_OBJC_IMPLEMENTATIONS = YES;
				CLANG_WARN_DIRECT_OBJC_ISA_USAGE = YES_ERROR;
				CLANG_WARN_DOCUMENTATION_COMMENTS = YES;
				CLANG_WARN_EMPTY_BODY = YES;
				CLANG_WARN_ENUM_CONVERSION = YES;
				CLANG_WARN_INFINITE_RECURSION = YES;
				CLANG_WARN_INT_CONVERSION = YES;
				CLANG_WARN_NON_LITERAL_NULL_CONVERSION = YES;
				CLANG_WARN_OBJC_IMPLICIT_RETAIN_SELF = YES;
				CLANG_WARN_OBJC_LITERAL_CONVERSION = YES;
				CLANG_WARN_OBJC_ROOT_CLASS = YES_ERROR;
				CLANG_WARN_QUOTED_INCLUDE_IN_FRAMEWORK_HEADER = YES;
				CLANG_WARN_RANGE_LOOP_ANALYSIS = YES;
				CLANG_WARN_STRICT_PROTOTYPES = YES;
				CLANG_WARN_SUSPICIOUS_MOVE = YES;
				CLANG_WARN_UNGUARDED_AVAILABILITY = YES_AGGRESSIVE;
				CLANG_WARN_UNREACHABLE_CODE = YES;
				CLANG_WARN__DUPLICATE_METHOD_MATCH = YES;
				COPY_PHASE_STRIP = NO;
				DEBUG_INFORMATION_FORMAT = dwarf;
				ENABLE_STRICT_OBJC_MSGSEND = YES;
				ENABLE_TESTABILITY = YES;
				GCC_C_LANGUAGE_STANDARD = gnu11;
				GCC_DYNAMIC_NO_PIC = NO;
				GCC_NO_COMMON_BLOCKS = YES;
				GCC_OPTIMIZATION_LEVEL = 0;
				GCC_PREPROCESSOR_DEFINITIONS = (
					"DEBUG=1",
					"$(inherited)",
				);
				GCC_WARN_64_TO_32_BIT_CONVERSION = YES;
				GCC_WARN_ABOUT_RETURN_TYPE = YES_ERROR;
				GCC_WARN_UNDECLARED_SELECTOR = YES;
				GCC_WARN_UNINITIALIZED_AUTOS = YES_AGGRESSIVE;
				GCC_WARN_UNUSED_FUNCTION = YES;
				GCC_WARN_UNUSED_VARIABLE = YES;
				IPHONEOS_DEPLOYMENT_TARGET = 16.4;
				MTL_ENABLE_DEBUG_INFO = INCLUDE_SOURCE;
				MTL_FAST_MATH = YES;
				ONLY_ACTIVE_ARCH = YES;
				SDKROOT = iphoneos;
				SWIFT_ACTIVE_COMPILATION_CONDITIONS = DEBUG;
				SWIFT_OPTIMIZATION_LEVEL = "-Onone";
			};
			name = Debug;
		};
		61FA75852ADEFF2F00BB6B2A /* Release */ = {
			isa = XCBuildConfiguration;
			buildSettings = {
				ALWAYS_SEARCH_USER_PATHS = NO;
				CLANG_ANALYZER_NONNULL = YES;
				CLANG_ANALYZER_NUMBER_OBJECT_CONVERSION = YES_AGGRESSIVE;
				CLANG_CXX_LANGUAGE_STANDARD = "gnu++20";
				CLANG_ENABLE_MODULES = YES;
				CLANG_ENABLE_OBJC_ARC = YES;
				CLANG_ENABLE_OBJC_WEAK = YES;
				CLANG_WARN_BLOCK_CAPTURE_AUTORELEASING = YES;
				CLANG_WARN_BOOL_CONVERSION = YES;
				CLANG_WARN_COMMA = YES;
				CLANG_WARN_CONSTANT_CONVERSION = YES;
				CLANG_WARN_DEPRECATED_OBJC_IMPLEMENTATIONS = YES;
				CLANG_WARN_DIRECT_OBJC_ISA_USAGE = YES_ERROR;
				CLANG_WARN_DOCUMENTATION_COMMENTS = YES;
				CLANG_WARN_EMPTY_BODY = YES;
				CLANG_WARN_ENUM_CONVERSION = YES;
				CLANG_WARN_INFINITE_RECURSION = YES;
				CLANG_WARN_INT_CONVERSION = YES;
				CLANG_WARN_NON_LITERAL_NULL_CONVERSION = YES;
				CLANG_WARN_OBJC_IMPLICIT_RETAIN_SELF = YES;
				CLANG_WARN_OBJC_LITERAL_CONVERSION = YES;
				CLANG_WARN_OBJC_ROOT_CLASS = YES_ERROR;
				CLANG_WARN_QUOTED_INCLUDE_IN_FRAMEWORK_HEADER = YES;
				CLANG_WARN_RANGE_LOOP_ANALYSIS = YES;
				CLANG_WARN_STRICT_PROTOTYPES = YES;
				CLANG_WARN_SUSPICIOUS_MOVE = YES;
				CLANG_WARN_UNGUARDED_AVAILABILITY = YES_AGGRESSIVE;
				CLANG_WARN_UNREACHABLE_CODE = YES;
				CLANG_WARN__DUPLICATE_METHOD_MATCH = YES;
				COPY_PHASE_STRIP = NO;
				DEBUG_INFORMATION_FORMAT = "dwarf-with-dsym";
				ENABLE_NS_ASSERTIONS = NO;
				ENABLE_STRICT_OBJC_MSGSEND = YES;
				GCC_C_LANGUAGE_STANDARD = gnu11;
				GCC_NO_COMMON_BLOCKS = YES;
				GCC_WARN_64_TO_32_BIT_CONVERSION = YES;
				GCC_WARN_ABOUT_RETURN_TYPE = YES_ERROR;
				GCC_WARN_UNDECLARED_SELECTOR = YES;
				GCC_WARN_UNINITIALIZED_AUTOS = YES_AGGRESSIVE;
				GCC_WARN_UNUSED_FUNCTION = YES;
				GCC_WARN_UNUSED_VARIABLE = YES;
				IPHONEOS_DEPLOYMENT_TARGET = 16.4;
				MTL_ENABLE_DEBUG_INFO = NO;
				MTL_FAST_MATH = YES;
				SDKROOT = iphoneos;
				SWIFT_COMPILATION_MODE = wholemodule;
				SWIFT_OPTIMIZATION_LEVEL = "-O";
				VALIDATE_PRODUCT = YES;
			};
			name = Release;
		};
		61FA75872ADEFF2F00BB6B2A /* Debug */ = {
			isa = XCBuildConfiguration;
			buildSettings = {
				ASSETCATALOG_COMPILER_APPICON_NAME = AppIcon;
				ASSETCATALOG_COMPILER_GLOBAL_ACCENT_COLOR_NAME = AccentColor;
				CODE_SIGN_STYLE = Automatic;
				CURRENT_PROJECT_VERSION = 1;
				DEVELOPMENT_ASSET_PATHS = "\"Consultame/Preview Content\"";
				DEVELOPMENT_TEAM = Y4M8Q7FFFV;
				ENABLE_PREVIEWS = YES;
				GENERATE_INFOPLIST_FILE = YES;
				INFOPLIST_KEY_UIApplicationSceneManifest_Generation = YES;
				INFOPLIST_KEY_UIApplicationSupportsIndirectInputEvents = YES;
				INFOPLIST_KEY_UILaunchScreen_Generation = YES;
				INFOPLIST_KEY_UISupportedInterfaceOrientations_iPad = "UIInterfaceOrientationPortrait UIInterfaceOrientationPortraitUpsideDown UIInterfaceOrientationLandscapeLeft UIInterfaceOrientationLandscapeRight";
				INFOPLIST_KEY_UISupportedInterfaceOrientations_iPhone = "UIInterfaceOrientationPortrait UIInterfaceOrientationLandscapeLeft UIInterfaceOrientationLandscapeRight";
				LD_RUNPATH_SEARCH_PATHS = (
					"$(inherited)",
					"@executable_path/Frameworks",
				);
				MARKETING_VERSION = 1.0;
				PRODUCT_BUNDLE_IDENTIFIER = daniramos.Consultame;
				PRODUCT_NAME = "$(TARGET_NAME)";
				SWIFT_EMIT_LOC_STRINGS = YES;
				SWIFT_VERSION = 5.0;
				TARGETED_DEVICE_FAMILY = "1,2";
			};
			name = Debug;
		};
		61FA75882ADEFF2F00BB6B2A /* Release */ = {
			isa = XCBuildConfiguration;
			buildSettings = {
				ASSETCATALOG_COMPILER_APPICON_NAME = AppIcon;
				ASSETCATALOG_COMPILER_GLOBAL_ACCENT_COLOR_NAME = AccentColor;
				CODE_SIGN_STYLE = Automatic;
				CURRENT_PROJECT_VERSION = 1;
				DEVELOPMENT_ASSET_PATHS = "\"Consultame/Preview Content\"";
				DEVELOPMENT_TEAM = Y4M8Q7FFFV;
				ENABLE_PREVIEWS = YES;
				GENERATE_INFOPLIST_FILE = YES;
				INFOPLIST_KEY_UIApplicationSceneManifest_Generation = YES;
				INFOPLIST_KEY_UIApplicationSupportsIndirectInputEvents = YES;
				INFOPLIST_KEY_UILaunchScreen_Generation = YES;
				INFOPLIST_KEY_UISupportedInterfaceOrientations_iPad = "UIInterfaceOrientationPortrait UIInterfaceOrientationPortraitUpsideDown UIInterfaceOrientationLandscapeLeft UIInterfaceOrientationLandscapeRight";
				INFOPLIST_KEY_UISupportedInterfaceOrientations_iPhone = "UIInterfaceOrientationPortrait UIInterfaceOrientationLandscapeLeft UIInterfaceOrientationLandscapeRight";
				LD_RUNPATH_SEARCH_PATHS = (
					"$(inherited)",
					"@executable_path/Frameworks",
				);
				MARKETING_VERSION = 1.0;
				PRODUCT_BUNDLE_IDENTIFIER = daniramos.Consultame;
				PRODUCT_NAME = "$(TARGET_NAME)";
				SWIFT_EMIT_LOC_STRINGS = YES;
				SWIFT_VERSION = 5.0;
				TARGETED_DEVICE_FAMILY = "1,2";
			};
			name = Release;
		};
		61FA758A2ADEFF2F00BB6B2A /* Debug */ = {
			isa = XCBuildConfiguration;
			buildSettings = {
				ALWAYS_EMBED_SWIFT_STANDARD_LIBRARIES = YES;
				BUNDLE_LOADER = "$(TEST_HOST)";
				CODE_SIGN_STYLE = Automatic;
				CURRENT_PROJECT_VERSION = 1;
				DEVELOPMENT_TEAM = Y4M8Q7FFFV;
				GENERATE_INFOPLIST_FILE = YES;
				IPHONEOS_DEPLOYMENT_TARGET = 16.4;
				MARKETING_VERSION = 1.0;
				PRODUCT_BUNDLE_IDENTIFIER = daniramos.ConsultameTests;
				PRODUCT_NAME = "$(TARGET_NAME)";
				SWIFT_EMIT_LOC_STRINGS = NO;
				SWIFT_VERSION = 5.0;
				TARGETED_DEVICE_FAMILY = "1,2";
				TEST_HOST = "$(BUILT_PRODUCTS_DIR)/Consultame.app/$(BUNDLE_EXECUTABLE_FOLDER_PATH)/Consultame";
			};
			name = Debug;
		};
		61FA758B2ADEFF2F00BB6B2A /* Release */ = {
			isa = XCBuildConfiguration;
			buildSettings = {
				ALWAYS_EMBED_SWIFT_STANDARD_LIBRARIES = YES;
				BUNDLE_LOADER = "$(TEST_HOST)";
				CODE_SIGN_STYLE = Automatic;
				CURRENT_PROJECT_VERSION = 1;
				DEVELOPMENT_TEAM = Y4M8Q7FFFV;
				GENERATE_INFOPLIST_FILE = YES;
				IPHONEOS_DEPLOYMENT_TARGET = 16.4;
				MARKETING_VERSION = 1.0;
				PRODUCT_BUNDLE_IDENTIFIER = daniramos.ConsultameTests;
				PRODUCT_NAME = "$(TARGET_NAME)";
				SWIFT_EMIT_LOC_STRINGS = NO;
				SWIFT_VERSION = 5.0;
				TARGETED_DEVICE_FAMILY = "1,2";
				TEST_HOST = "$(BUILT_PRODUCTS_DIR)/Consultame.app/$(BUNDLE_EXECUTABLE_FOLDER_PATH)/Consultame";
			};
			name = Release;
		};
		61FA758D2ADEFF2F00BB6B2A /* Debug */ = {
			isa = XCBuildConfiguration;
			buildSettings = {
				ALWAYS_EMBED_SWIFT_STANDARD_LIBRARIES = YES;
				CODE_SIGN_STYLE = Automatic;
				CURRENT_PROJECT_VERSION = 1;
				DEVELOPMENT_TEAM = Y4M8Q7FFFV;
				GENERATE_INFOPLIST_FILE = YES;
				MARKETING_VERSION = 1.0;
				PRODUCT_BUNDLE_IDENTIFIER = daniramos.ConsultameUITests;
				PRODUCT_NAME = "$(TARGET_NAME)";
				SWIFT_EMIT_LOC_STRINGS = NO;
				SWIFT_VERSION = 5.0;
				TARGETED_DEVICE_FAMILY = "1,2";
				TEST_TARGET_NAME = Consultame;
			};
			name = Debug;
		};
		61FA758E2ADEFF2F00BB6B2A /* Release */ = {
			isa = XCBuildConfiguration;
			buildSettings = {
				ALWAYS_EMBED_SWIFT_STANDARD_LIBRARIES = YES;
				CODE_SIGN_STYLE = Automatic;
				CURRENT_PROJECT_VERSION = 1;
				DEVELOPMENT_TEAM = Y4M8Q7FFFV;
				GENERATE_INFOPLIST_FILE = YES;
				MARKETING_VERSION = 1.0;
				PRODUCT_BUNDLE_IDENTIFIER = daniramos.ConsultameUITests;
				PRODUCT_NAME = "$(TARGET_NAME)";
				SWIFT_EMIT_LOC_STRINGS = NO;
				SWIFT_VERSION = 5.0;
				TARGETED_DEVICE_FAMILY = "1,2";
				TEST_TARGET_NAME = Consultame;
			};
			name = Release;
		};
/* End XCBuildConfiguration section */

/* Begin XCConfigurationList section */
		61FA755D2ADEFF2C00BB6B2A /* Build configuration list for PBXProject "Consultame" */ = {
			isa = XCConfigurationList;
			buildConfigurations = (
				61FA75842ADEFF2F00BB6B2A /* Debug */,
				61FA75852ADEFF2F00BB6B2A /* Release */,
			);
			defaultConfigurationIsVisible = 0;
			defaultConfigurationName = Release;
		};
		61FA75862ADEFF2F00BB6B2A /* Build configuration list for PBXNativeTarget "Consultame" */ = {
			isa = XCConfigurationList;
			buildConfigurations = (
				61FA75872ADEFF2F00BB6B2A /* Debug */,
				61FA75882ADEFF2F00BB6B2A /* Release */,
			);
			defaultConfigurationIsVisible = 0;
			defaultConfigurationName = Release;
		};
		61FA75892ADEFF2F00BB6B2A /* Build configuration list for PBXNativeTarget "ConsultameTests" */ = {
			isa = XCConfigurationList;
			buildConfigurations = (
				61FA758A2ADEFF2F00BB6B2A /* Debug */,
				61FA758B2ADEFF2F00BB6B2A /* Release */,
			);
			defaultConfigurationIsVisible = 0;
			defaultConfigurationName = Release;
		};
		61FA758C2ADEFF2F00BB6B2A /* Build configuration list for PBXNativeTarget "ConsultameUITests" */ = {
			isa = XCConfigurationList;
			buildConfigurations = (
				61FA758D2ADEFF2F00BB6B2A /* Debug */,
				61FA758E2ADEFF2F00BB6B2A /* Release */,
			);
			defaultConfigurationIsVisible = 0;
			defaultConfigurationName = Release;
		};
/* End XCConfigurationList section */
	};
	rootObject = 61FA755A2ADEFF2C00BB6B2A /* Project object */;
}
